
Microsoft Visual Studio Solution File, Format Version 12.00
# Visual Studio 14
VisualStudioVersion = 14.0.24720.0
MinimumVisualStudioVersion = 10.0.40219.1
Project("{FAE04EC0-301F-11D3-BF4B-00C04F79EFBC}") = "I18N", "I18N\I18N.csproj", "{E340CBB2-3B77-45A8-8997-E4098D82EDBC}"
EndProject
Project("{FAE04EC0-301F-11D3-BF4B-00C04F79EFBC}") = "I18N.Sample.iOS", "I18N.Sample.iOS\I18N.Sample.iOS.csproj", "{A042AEA8-9868-4CDF-8900-B6320810719A}"
EndProject
Project("{FAE04EC0-301F-11D3-BF4B-00C04F79EFBC}") = "I18N.Sample.Android", "I18N.Sample.Android\I18N.Sample.Android.csproj", "{D6E407A1-7B74-42C9-8E39-85ADAEA4EEDA}"
EndProject
Project("{FAE04EC0-301F-11D3-BF4B-00C04F79EFBC}") = "I18N.Sample.Core", "I18N.Sample.Core\I18N.Sample.Core.csproj", "{9F5875BE-0693-4CF4-9CA9-C770586C730A}"
EndProject
Global
	GlobalSection(SolutionConfigurationPlatforms) = preSolution
		Ad-Hoc|Any CPU = Ad-Hoc|Any CPU
		Ad-Hoc|iPhone = Ad-Hoc|iPhone
		Ad-Hoc|iPhoneSimulator = Ad-Hoc|iPhoneSimulator
		AppStore|Any CPU = AppStore|Any CPU
		AppStore|iPhone = AppStore|iPhone
		AppStore|iPhoneSimulator = AppStore|iPhoneSimulator
		Debug|Any CPU = Debug|Any CPU
		Debug|iPhone = Debug|iPhone
		Debug|iPhoneSimulator = Debug|iPhoneSimulator
		Release|Any CPU = Release|Any CPU
		Release|iPhone = Release|iPhone
		Release|iPhoneSimulator = Release|iPhoneSimulator
	EndGlobalSection
	GlobalSection(ProjectConfigurationPlatforms) = postSolution
		{E340CBB2-3B77-45A8-8997-E4098D82EDBC}.Ad-Hoc|Any CPU.ActiveCfg = Release|Any CPU
		{E340CBB2-3B77-45A8-8997-E4098D82EDBC}.Ad-Hoc|Any CPU.Build.0 = Release|Any CPU
		{E340CBB2-3B77-45A8-8997-E4098D82EDBC}.Ad-Hoc|iPhone.ActiveCfg = Release|Any CPU
		{E340CBB2-3B77-45A8-8997-E4098D82EDBC}.Ad-Hoc|iPhone.Build.0 = Release|Any CPU
		{E340CBB2-3B77-45A8-8997-E4098D82EDBC}.Ad-Hoc|iPhoneSimulator.ActiveCfg = Release|Any CPU
		{E340CBB2-3B77-45A8-8997-E4098D82EDBC}.Ad-Hoc|iPhoneSimulator.Build.0 = Release|Any CPU
		{E340CBB2-3B77-45A8-8997-E4098D82EDBC}.AppStore|Any CPU.ActiveCfg = Release|Any CPU
		{E340CBB2-3B77-45A8-8997-E4098D82EDBC}.AppStore|Any CPU.Build.0 = Release|Any CPU
		{E340CBB2-3B77-45A8-8997-E4098D82EDBC}.AppStore|iPhone.ActiveCfg = Release|Any CPU
		{E340CBB2-3B77-45A8-8997-E4098D82EDBC}.AppStore|iPhone.Build.0 = Release|Any CPU
		{E340CBB2-3B77-45A8-8997-E4098D82EDBC}.AppStore|iPhoneSimulator.ActiveCfg = Release|Any CPU
		{E340CBB2-3B77-45A8-8997-E4098D82EDBC}.AppStore|iPhoneSimulator.Build.0 = Release|Any CPU
		{E340CBB2-3B77-45A8-8997-E4098D82EDBC}.Debug|Any CPU.ActiveCfg = Debug|Any CPU
		{E340CBB2-3B77-45A8-8997-E4098D82EDBC}.Debug|Any CPU.Build.0 = Debug|Any CPU
		{E340CBB2-3B77-45A8-8997-E4098D82EDBC}.Debug|iPhone.ActiveCfg = Debug|Any CPU
		{E340CBB2-3B77-45A8-8997-E4098D82EDBC}.Debug|iPhone.Build.0 = Debug|Any CPU
		{E340CBB2-3B77-45A8-8997-E4098D82EDBC}.Debug|iPhoneSimulator.ActiveCfg = Debug|Any CPU
		{E340CBB2-3B77-45A8-8997-E4098D82EDBC}.Debug|iPhoneSimulator.Build.0 = Debug|Any CPU
		{E340CBB2-3B77-45A8-8997-E4098D82EDBC}.Release|Any CPU.ActiveCfg = Release|Any CPU
		{E340CBB2-3B77-45A8-8997-E4098D82EDBC}.Release|Any CPU.Build.0 = Release|Any CPU
		{E340CBB2-3B77-45A8-8997-E4098D82EDBC}.Release|iPhone.ActiveCfg = Release|Any CPU
		{E340CBB2-3B77-45A8-8997-E4098D82EDBC}.Release|iPhone.Build.0 = Release|Any CPU
		{E340CBB2-3B77-45A8-8997-E4098D82EDBC}.Release|iPhoneSimulator.ActiveCfg = Release|Any CPU
		{E340CBB2-3B77-45A8-8997-E4098D82EDBC}.Release|iPhoneSimulator.Build.0 = Release|Any CPU
		{A042AEA8-9868-4CDF-8900-B6320810719A}.Ad-Hoc|Any CPU.ActiveCfg = Ad-Hoc|iPhone
		{A042AEA8-9868-4CDF-8900-B6320810719A}.Ad-Hoc|iPhone.ActiveCfg = Ad-Hoc|iPhone
		{A042AEA8-9868-4CDF-8900-B6320810719A}.Ad-Hoc|iPhone.Build.0 = Ad-Hoc|iPhone
		{A042AEA8-9868-4CDF-8900-B6320810719A}.Ad-Hoc|iPhoneSimulator.ActiveCfg = Ad-Hoc|iPhoneSimulator
		{A042AEA8-9868-4CDF-8900-B6320810719A}.Ad-Hoc|iPhoneSimulator.Build.0 = Ad-Hoc|iPhoneSimulator
		{A042AEA8-9868-4CDF-8900-B6320810719A}.AppStore|Any CPU.ActiveCfg = AppStore|iPhone
		{A042AEA8-9868-4CDF-8900-B6320810719A}.AppStore|iPhone.ActiveCfg = AppStore|iPhone
		{A042AEA8-9868-4CDF-8900-B6320810719A}.AppStore|iPhone.Build.0 = AppStore|iPhone
		{A042AEA8-9868-4CDF-8900-B6320810719A}.AppStore|iPhoneSimulator.ActiveCfg = AppStore|iPhoneSimulator
		{A042AEA8-9868-4CDF-8900-B6320810719A}.AppStore|iPhoneSimulator.Build.0 = AppStore|iPhoneSimulator
		{A042AEA8-9868-4CDF-8900-B6320810719A}.Debug|Any CPU.ActiveCfg = Debug|iPhone
		{A042AEA8-9868-4CDF-8900-B6320810719A}.Debug|iPhone.ActiveCfg = Debug|iPhone
		{A042AEA8-9868-4CDF-8900-B6320810719A}.Debug|iPhone.Build.0 = Debug|iPhone
		{A042AEA8-9868-4CDF-8900-B6320810719A}.Debug|iPhoneSimulator.ActiveCfg = Debug|iPhoneSimulator
		{A042AEA8-9868-4CDF-8900-B6320810719A}.Debug|iPhoneSimulator.Build.0 = Debug|iPhoneSimulator
		{A042AEA8-9868-4CDF-8900-B6320810719A}.Release|Any CPU.ActiveCfg = Release|iPhone
		{A042AEA8-9868-4CDF-8900-B6320810719A}.Release|iPhone.ActiveCfg = Release|iPhone
		{A042AEA8-9868-4CDF-8900-B6320810719A}.Release|iPhone.Build.0 = Release|iPhone
		{A042AEA8-9868-4CDF-8900-B6320810719A}.Release|iPhoneSimulator.ActiveCfg = Release|iPhoneSimulator
		{A042AEA8-9868-4CDF-8900-B6320810719A}.Release|iPhoneSimulator.Build.0 = Release|iPhoneSimulator
		{D6E407A1-7B74-42C9-8E39-85ADAEA4EEDA}.Ad-Hoc|Any CPU.ActiveCfg = Release|Any CPU
		{D6E407A1-7B74-42C9-8E39-85ADAEA4EEDA}.Ad-Hoc|Any CPU.Build.0 = Release|Any CPU
		{D6E407A1-7B74-42C9-8E39-85ADAEA4EEDA}.Ad-Hoc|Any CPU.Deploy.0 = Release|Any CPU
		{D6E407A1-7B74-42C9-8E39-85ADAEA4EEDA}.Ad-Hoc|iPhone.ActiveCfg = Release|Any CPU
		{D6E407A1-7B74-42C9-8E39-85ADAEA4EEDA}.Ad-Hoc|iPhone.Build.0 = Release|Any CPU
		{D6E407A1-7B74-42C9-8E39-85ADAEA4EEDA}.Ad-Hoc|iPhone.Deploy.0 = Release|Any CPU
		{D6E407A1-7B74-42C9-8E39-85ADAEA4EEDA}.Ad-Hoc|iPhoneSimulator.ActiveCfg = Release|Any CPU
		{D6E407A1-7B74-42C9-8E39-85ADAEA4EEDA}.Ad-Hoc|iPhoneSimulator.Build.0 = Release|Any CPU
		{D6E407A1-7B74-42C9-8E39-85ADAEA4EEDA}.Ad-Hoc|iPhoneSimulator.Deploy.0 = Release|Any CPU
		{D6E407A1-7B74-42C9-8E39-85ADAEA4EEDA}.AppStore|Any CPU.ActiveCfg = Release|Any CPU
		{D6E407A1-7B74-42C9-8E39-85ADAEA4EEDA}.AppStore|Any CPU.Build.0 = Release|Any CPU
		{D6E407A1-7B74-42C9-8E39-85ADAEA4EEDA}.AppStore|Any CPU.Deploy.0 = Release|Any CPU
		{D6E407A1-7B74-42C9-8E39-85ADAEA4EEDA}.AppStore|iPhone.ActiveCfg = Release|Any CPU
		{D6E407A1-7B74-42C9-8E39-85ADAEA4EEDA}.AppStore|iPhone.Build.0 = Release|Any CPU
		{D6E407A1-7B74-42C9-8E39-85ADAEA4EEDA}.AppStore|iPhone.Deploy.0 = Release|Any CPU
		{D6E407A1-7B74-42C9-8E39-85ADAEA4EEDA}.AppStore|iPhoneSimulator.ActiveCfg = Release|Any CPU
		{D6E407A1-7B74-42C9-8E39-85ADAEA4EEDA}.AppStore|iPhoneSimulator.Build.0 = Release|Any CPU
		{D6E407A1-7B74-42C9-8E39-85ADAEA4EEDA}.AppStore|iPhoneSimulator.Deploy.0 = Release|Any CPU
		{D6E407A1-7B74-42C9-8E39-85ADAEA4EEDA}.Debug|Any CPU.ActiveCfg = Debug|Any CPU
		{D6E407A1-7B74-42C9-8E39-85ADAEA4EEDA}.Debug|Any CPU.Build.0 = Debug|Any CPU
		{D6E407A1-7B74-42C9-8E39-85ADAEA4EEDA}.Debug|Any CPU.Deploy.0 = Debug|Any CPU
		{D6E407A1-7B74-42C9-8E39-85ADAEA4EEDA}.Debug|iPhone.ActiveCfg = Debug|Any CPU
		{D6E407A1-7B74-42C9-8E39-85ADAEA4EEDA}.Debug|iPhone.Build.0 = Debug|Any CPU
		{D6E407A1-7B74-42C9-8E39-85ADAEA4EEDA}.Debug|iPhone.Deploy.0 = Debug|Any CPU
		{D6E407A1-7B74-42C9-8E39-85ADAEA4EEDA}.Debug|iPhoneSimulator.ActiveCfg = Debug|Any CPU
		{D6E407A1-7B74-42C9-8E39-85ADAEA4EEDA}.Debug|iPhoneSimulator.Build.0 = Debug|Any CPU
		{D6E407A1-7B74-42C9-8E39-85ADAEA4EEDA}.Debug|iPhoneSimulator.Deploy.0 = Debug|Any CPU
		{D6E407A1-7B74-42C9-8E39-85ADAEA4EEDA}.Release|Any CPU.ActiveCfg = Release|Any CPU
		{D6E407A1-7B74-42C9-8E39-85ADAEA4EEDA}.Release|Any CPU.Build.0 = Release|Any CPU
		{D6E407A1-7B74-42C9-8E39-85ADAEA4EEDA}.Release|Any CPU.Deploy.0 = Release|Any CPU
		{D6E407A1-7B74-42C9-8E39-85ADAEA4EEDA}.Release|iPhone.ActiveCfg = Release|Any CPU
		{D6E407A1-7B74-42C9-8E39-85ADAEA4EEDA}.Release|iPhone.Build.0 = Release|Any CPU
		{D6E407A1-7B74-42C9-8E39-85ADAEA4EEDA}.Release|iPhone.Deploy.0 = Release|Any CPU
		{D6E407A1-7B74-42C9-8E39-85ADAEA4EEDA}.Release|iPhoneSimulator.ActiveCfg = Release|Any CPU
		{D6E407A1-7B74-42C9-8E39-85ADAEA4EEDA}.Release|iPhoneSimulator.Build.0 = Release|Any CPU
		{D6E407A1-7B74-42C9-8E39-85ADAEA4EEDA}.Release|iPhoneSimulator.Deploy.0 = Release|Any CPU
		{9F5875BE-0693-4CF4-9CA9-C770586C730A}.Ad-Hoc|Any CPU.ActiveCfg = Release|Any CPU
		{9F5875BE-0693-4CF4-9CA9-C770586C730A}.Ad-Hoc|Any CPU.Build.0 = Release|Any CPU
		{9F5875BE-0693-4CF4-9CA9-C770586C730A}.Ad-Hoc|iPhone.ActiveCfg = Release|Any CPU
		{9F5875BE-0693-4CF4-9CA9-C770586C730A}.Ad-Hoc|iPhone.Build.0 = Release|Any CPU
		{9F5875BE-0693-4CF4-9CA9-C770586C730A}.Ad-Hoc|iPhoneSimulator.ActiveCfg = Release|Any CPU
		{9F5875BE-0693-4CF4-9CA9-C770586C730A}.Ad-Hoc|iPhoneSimulator.Build.0 = Release|Any CPU
		{9F5875BE-0693-4CF4-9CA9-C770586C730A}.AppStore|Any CPU.ActiveCfg = Release|Any CPU
		{9F5875BE-0693-4CF4-9CA9-C770586C730A}.AppStore|Any CPU.Build.0 = Release|Any CPU
		{9F5875BE-0693-4CF4-9CA9-C770586C730A}.AppStore|iPhone.ActiveCfg = Release|Any CPU
		{9F5875BE-0693-4CF4-9CA9-C770586C730A}.AppStore|iPhone.Build.0 = Release|Any CPU
		{9F5875BE-0693-4CF4-9CA9-C770586C730A}.AppStore|iPhoneSimulator.ActiveCfg = Release|Any CPU
		{9F5875BE-0693-4CF4-9CA9-C770586C730A}.AppStore|iPhoneSimulator.Build.0 = Release|Any CPU
		{9F5875BE-0693-4CF4-9CA9-C770586C730A}.Debug|Any CPU.ActiveCfg = Debug|Any CPU
		{9F5875BE-0693-4CF4-9CA9-C770586C730A}.Debug|Any CPU.Build.0 = Debug|Any CPU
		{9F5875BE-0693-4CF4-9CA9-C770586C730A}.Debug|iPhone.ActiveCfg = Debug|Any CPU
		{9F5875BE-0693-4CF4-9CA9-C770586C730A}.Debug|iPhone.Build.0 = Debug|Any CPU
		{9F5875BE-0693-4CF4-9CA9-C770586C730A}.Debug|iPhoneSimulator.ActiveCfg = Debug|Any CPU
		{9F5875BE-0693-4CF4-9CA9-C770586C730A}.Debug|iPhoneSimulator.Build.0 = Debug|Any CPU
		{9F5875BE-0693-4CF4-9CA9-C770586C730A}.Release|Any CPU.ActiveCfg = Release|Any CPU
		{9F5875BE-0693-4CF4-9CA9-C770586C730A}.Release|Any CPU.Build.0 = Release|Any CPU
		{9F5875BE-0693-4CF4-9CA9-C770586C730A}.Release|iPhone.ActiveCfg = Release|Any CPU
		{9F5875BE-0693-4CF4-9CA9-C770586C730A}.Release|iPhone.Build.0 = Release|Any CPU
		{9F5875BE-0693-4CF4-9CA9-C770586C730A}.Release|iPhoneSimulator.ActiveCfg = Release|Any CPU
		{9F5875BE-0693-4CF4-9CA9-C770586C730A}.Release|iPhoneSimulator.Build.0 = Release|Any CPU
	EndGlobalSection
	GlobalSection(SolutionProperties) = preSolution
		HideSolutionNode = FALSE
	EndGlobalSection
EndGlobal
