
Microsoft Visual Studio Solution File, Format Version 12.00
# Visual Studio Version 16
VisualStudioVersion = 16.0.30803.129
MinimumVisualStudioVersion = 10.0.40219.1
Project("{2150E333-8FDC-42A3-9474-1A3956D46DE8}") = "Source", "Source", "{701A2C96-FF1E-4CC9-9C50-A222739B1CAF}"
EndProject
Project("{2150E333-8FDC-42A3-9474-1A3956D46DE8}") = "Solution Items", "Solution Items", "{CF5422D5-051E-4504-8CFD-74FB2B789E95}"
	ProjectSection(SolutionItems) = preProject
		.gitignore = .gitignore
		LICENSE = LICENSE
		README.md = README.md
	EndProjectSection
EndProject
Project("{2150E333-8FDC-42A3-9474-1A3956D46DE8}") = "Tests", "Tests", "{0BBF8AE8-5D51-4835-A072-64B5C7562DB3}"
EndProject
Project("{9A19103F-16F7-4668-BE54-9A1E7A4F7556}") = "I18NPortable", "I18NPortable\I18NPortable.csproj", "{4DC53C6B-9F4B-4168-80C9-5D6C8849892E}"
EndProject
Project("{9A19103F-16F7-4668-BE54-9A1E7A4F7556}") = "TestHostAssembly", "TestHostAssembly\TestHostAssembly.csproj", "{0133FCC2-A9EC-4DEC-B43E-F0B0F136BFFA}"
EndProject
Project("{9A19103F-16F7-4668-BE54-9A1E7A4F7556}") = "I18NPortable.JsonReader", "I18NPortable.JsonReader\I18NPortable.JsonReader.csproj", "{FE719A18-689B-4239-9BD2-58C45719B6CB}"
EndProject
Project("{9A19103F-16F7-4668-BE54-9A1E7A4F7556}") = "I18NPortable.UnitTests", "I18NPortable.UnitTests\I18NPortable.UnitTests.csproj", "{9D7A766A-E8AB-495C-A2C4-14984F7D925E}"
EndProject
Project("{FAE04EC0-301F-11D3-BF4B-00C04F79EFBC}") = "I18NPortable.Xamarin", "I18NPortable.Xamarin\I18NPortable.Xamarin.csproj", "{DFDEE250-6360-482C-9ACC-4CFDC9CFEF75}"
EndProject
Global
	GlobalSection(SolutionConfigurationPlatforms) = preSolution
		Ad-Hoc|Any CPU = Ad-Hoc|Any CPU
		Ad-Hoc|ARM = Ad-Hoc|ARM
		Ad-Hoc|iPhone = Ad-Hoc|iPhone
		Ad-Hoc|iPhoneSimulator = Ad-Hoc|iPhoneSimulator
		Ad-Hoc|x64 = Ad-Hoc|x64
		Ad-Hoc|x86 = Ad-Hoc|x86
		AppStore|Any CPU = AppStore|Any CPU
		AppStore|ARM = AppStore|ARM
		AppStore|iPhone = AppStore|iPhone
		AppStore|iPhoneSimulator = AppStore|iPhoneSimulator
		AppStore|x64 = AppStore|x64
		AppStore|x86 = AppStore|x86
		Debug|Any CPU = Debug|Any CPU
		Debug|ARM = Debug|ARM
		Debug|iPhone = Debug|iPhone
		Debug|iPhoneSimulator = Debug|iPhoneSimulator
		Debug|x64 = Debug|x64
		Debug|x86 = Debug|x86
		Release|Any CPU = Release|Any CPU
		Release|ARM = Release|ARM
		Release|iPhone = Release|iPhone
		Release|iPhoneSimulator = Release|iPhoneSimulator
		Release|x64 = Release|x64
		Release|x86 = Release|x86
	EndGlobalSection
	GlobalSection(ProjectConfigurationPlatforms) = postSolution
		{4DC53C6B-9F4B-4168-80C9-5D6C8849892E}.Ad-Hoc|Any CPU.ActiveCfg = Debug|Any CPU
		{4DC53C6B-9F4B-4168-80C9-5D6C8849892E}.Ad-Hoc|Any CPU.Build.0 = Debug|Any CPU
		{4DC53C6B-9F4B-4168-80C9-5D6C8849892E}.Ad-Hoc|ARM.ActiveCfg = Debug|Any CPU
		{4DC53C6B-9F4B-4168-80C9-5D6C8849892E}.Ad-Hoc|ARM.Build.0 = Debug|Any CPU
		{4DC53C6B-9F4B-4168-80C9-5D6C8849892E}.Ad-Hoc|iPhone.ActiveCfg = Debug|Any CPU
		{4DC53C6B-9F4B-4168-80C9-5D6C8849892E}.Ad-Hoc|iPhone.Build.0 = Debug|Any CPU
		{4DC53C6B-9F4B-4168-80C9-5D6C8849892E}.Ad-Hoc|iPhoneSimulator.ActiveCfg = Debug|Any CPU
		{4DC53C6B-9F4B-4168-80C9-5D6C8849892E}.Ad-Hoc|iPhoneSimulator.Build.0 = Debug|Any CPU
		{4DC53C6B-9F4B-4168-80C9-5D6C8849892E}.Ad-Hoc|x64.ActiveCfg = Debug|Any CPU
		{4DC53C6B-9F4B-4168-80C9-5D6C8849892E}.Ad-Hoc|x64.Build.0 = Debug|Any CPU
		{4DC53C6B-9F4B-4168-80C9-5D6C8849892E}.Ad-Hoc|x86.ActiveCfg = Debug|Any CPU
		{4DC53C6B-9F4B-4168-80C9-5D6C8849892E}.Ad-Hoc|x86.Build.0 = Debug|Any CPU
		{4DC53C6B-9F4B-4168-80C9-5D6C8849892E}.AppStore|Any CPU.ActiveCfg = Debug|Any CPU
		{4DC53C6B-9F4B-4168-80C9-5D6C8849892E}.AppStore|Any CPU.Build.0 = Debug|Any CPU
		{4DC53C6B-9F4B-4168-80C9-5D6C8849892E}.AppStore|ARM.ActiveCfg = Debug|Any CPU
		{4DC53C6B-9F4B-4168-80C9-5D6C8849892E}.AppStore|ARM.Build.0 = Debug|Any CPU
		{4DC53C6B-9F4B-4168-80C9-5D6C8849892E}.AppStore|iPhone.ActiveCfg = Debug|Any CPU
		{4DC53C6B-9F4B-4168-80C9-5D6C8849892E}.AppStore|iPhone.Build.0 = Debug|Any CPU
		{4DC53C6B-9F4B-4168-80C9-5D6C8849892E}.AppStore|iPhoneSimulator.ActiveCfg = Debug|Any CPU
		{4DC53C6B-9F4B-4168-80C9-5D6C8849892E}.AppStore|iPhoneSimulator.Build.0 = Debug|Any CPU
		{4DC53C6B-9F4B-4168-80C9-5D6C8849892E}.AppStore|x64.ActiveCfg = Debug|Any CPU
		{4DC53C6B-9F4B-4168-80C9-5D6C8849892E}.AppStore|x64.Build.0 = Debug|Any CPU
		{4DC53C6B-9F4B-4168-80C9-5D6C8849892E}.AppStore|x86.ActiveCfg = Debug|Any CPU
		{4DC53C6B-9F4B-4168-80C9-5D6C8849892E}.AppStore|x86.Build.0 = Debug|Any CPU
		{4DC53C6B-9F4B-4168-80C9-5D6C8849892E}.Debug|Any CPU.ActiveCfg = Debug|Any CPU
		{4DC53C6B-9F4B-4168-80C9-5D6C8849892E}.Debug|Any CPU.Build.0 = Debug|Any CPU
		{4DC53C6B-9F4B-4168-80C9-5D6C8849892E}.Debug|ARM.ActiveCfg = Debug|Any CPU
		{4DC53C6B-9F4B-4168-80C9-5D6C8849892E}.Debug|ARM.Build.0 = Debug|Any CPU
		{4DC53C6B-9F4B-4168-80C9-5D6C8849892E}.Debug|iPhone.ActiveCfg = Debug|Any CPU
		{4DC53C6B-9F4B-4168-80C9-5D6C8849892E}.Debug|iPhone.Build.0 = Debug|Any CPU
		{4DC53C6B-9F4B-4168-80C9-5D6C8849892E}.Debug|iPhoneSimulator.ActiveCfg = Debug|Any CPU
		{4DC53C6B-9F4B-4168-80C9-5D6C8849892E}.Debug|iPhoneSimulator.Build.0 = Debug|Any CPU
		{4DC53C6B-9F4B-4168-80C9-5D6C8849892E}.Debug|x64.ActiveCfg = Debug|Any CPU
		{4DC53C6B-9F4B-4168-80C9-5D6C8849892E}.Debug|x64.Build.0 = Debug|Any CPU
		{4DC53C6B-9F4B-4168-80C9-5D6C8849892E}.Debug|x86.ActiveCfg = Debug|Any CPU
		{4DC53C6B-9F4B-4168-80C9-5D6C8849892E}.Debug|x86.Build.0 = Debug|Any CPU
		{4DC53C6B-9F4B-4168-80C9-5D6C8849892E}.Release|Any CPU.ActiveCfg = Release|Any CPU
		{4DC53C6B-9F4B-4168-80C9-5D6C8849892E}.Release|Any CPU.Build.0 = Release|Any CPU
		{4DC53C6B-9F4B-4168-80C9-5D6C8849892E}.Release|ARM.ActiveCfg = Release|Any CPU
		{4DC53C6B-9F4B-4168-80C9-5D6C8849892E}.Release|ARM.Build.0 = Release|Any CPU
		{4DC53C6B-9F4B-4168-80C9-5D6C8849892E}.Release|iPhone.ActiveCfg = Release|Any CPU
		{4DC53C6B-9F4B-4168-80C9-5D6C8849892E}.Release|iPhone.Build.0 = Release|Any CPU
		{4DC53C6B-9F4B-4168-80C9-5D6C8849892E}.Release|iPhoneSimulator.ActiveCfg = Release|Any CPU
		{4DC53C6B-9F4B-4168-80C9-5D6C8849892E}.Release|iPhoneSimulator.Build.0 = Release|Any CPU
		{4DC53C6B-9F4B-4168-80C9-5D6C8849892E}.Release|x64.ActiveCfg = Release|Any CPU
		{4DC53C6B-9F4B-4168-80C9-5D6C8849892E}.Release|x64.Build.0 = Release|Any CPU
		{4DC53C6B-9F4B-4168-80C9-5D6C8849892E}.Release|x86.ActiveCfg = Release|Any CPU
		{4DC53C6B-9F4B-4168-80C9-5D6C8849892E}.Release|x86.Build.0 = Release|Any CPU
		{0133FCC2-A9EC-4DEC-B43E-F0B0F136BFFA}.Ad-Hoc|Any CPU.ActiveCfg = Debug|Any CPU
		{0133FCC2-A9EC-4DEC-B43E-F0B0F136BFFA}.Ad-Hoc|Any CPU.Build.0 = Debug|Any CPU
		{0133FCC2-A9EC-4DEC-B43E-F0B0F136BFFA}.Ad-Hoc|ARM.ActiveCfg = Debug|Any CPU
		{0133FCC2-A9EC-4DEC-B43E-F0B0F136BFFA}.Ad-Hoc|ARM.Build.0 = Debug|Any CPU
		{0133FCC2-A9EC-4DEC-B43E-F0B0F136BFFA}.Ad-Hoc|iPhone.ActiveCfg = Debug|Any CPU
		{0133FCC2-A9EC-4DEC-B43E-F0B0F136BFFA}.Ad-Hoc|iPhone.Build.0 = Debug|Any CPU
		{0133FCC2-A9EC-4DEC-B43E-F0B0F136BFFA}.Ad-Hoc|iPhoneSimulator.ActiveCfg = Debug|Any CPU
		{0133FCC2-A9EC-4DEC-B43E-F0B0F136BFFA}.Ad-Hoc|iPhoneSimulator.Build.0 = Debug|Any CPU
		{0133FCC2-A9EC-4DEC-B43E-F0B0F136BFFA}.Ad-Hoc|x64.ActiveCfg = Debug|Any CPU
		{0133FCC2-A9EC-4DEC-B43E-F0B0F136BFFA}.Ad-Hoc|x64.Build.0 = Debug|Any CPU
		{0133FCC2-A9EC-4DEC-B43E-F0B0F136BFFA}.Ad-Hoc|x86.ActiveCfg = Debug|Any CPU
		{0133FCC2-A9EC-4DEC-B43E-F0B0F136BFFA}.Ad-Hoc|x86.Build.0 = Debug|Any CPU
		{0133FCC2-A9EC-4DEC-B43E-F0B0F136BFFA}.AppStore|Any CPU.ActiveCfg = Debug|Any CPU
		{0133FCC2-A9EC-4DEC-B43E-F0B0F136BFFA}.AppStore|Any CPU.Build.0 = Debug|Any CPU
		{0133FCC2-A9EC-4DEC-B43E-F0B0F136BFFA}.AppStore|ARM.ActiveCfg = Debug|Any CPU
		{0133FCC2-A9EC-4DEC-B43E-F0B0F136BFFA}.AppStore|ARM.Build.0 = Debug|Any CPU
		{0133FCC2-A9EC-4DEC-B43E-F0B0F136BFFA}.AppStore|iPhone.ActiveCfg = Debug|Any CPU
		{0133FCC2-A9EC-4DEC-B43E-F0B0F136BFFA}.AppStore|iPhone.Build.0 = Debug|Any CPU
		{0133FCC2-A9EC-4DEC-B43E-F0B0F136BFFA}.AppStore|iPhoneSimulator.ActiveCfg = Debug|Any CPU
		{0133FCC2-A9EC-4DEC-B43E-F0B0F136BFFA}.AppStore|iPhoneSimulator.Build.0 = Debug|Any CPU
		{0133FCC2-A9EC-4DEC-B43E-F0B0F136BFFA}.AppStore|x64.ActiveCfg = Debug|Any CPU
		{0133FCC2-A9EC-4DEC-B43E-F0B0F136BFFA}.AppStore|x64.Build.0 = Debug|Any CPU
		{0133FCC2-A9EC-4DEC-B43E-F0B0F136BFFA}.AppStore|x86.ActiveCfg = Debug|Any CPU
		{0133FCC2-A9EC-4DEC-B43E-F0B0F136BFFA}.AppStore|x86.Build.0 = Debug|Any CPU
		{0133FCC2-A9EC-4DEC-B43E-F0B0F136BFFA}.Debug|Any CPU.ActiveCfg = Debug|Any CPU
		{0133FCC2-A9EC-4DEC-B43E-F0B0F136BFFA}.Debug|Any CPU.Build.0 = Debug|Any CPU
		{0133FCC2-A9EC-4DEC-B43E-F0B0F136BFFA}.Debug|ARM.ActiveCfg = Debug|Any CPU
		{0133FCC2-A9EC-4DEC-B43E-F0B0F136BFFA}.Debug|ARM.Build.0 = Debug|Any CPU
		{0133FCC2-A9EC-4DEC-B43E-F0B0F136BFFA}.Debug|iPhone.ActiveCfg = Debug|Any CPU
		{0133FCC2-A9EC-4DEC-B43E-F0B0F136BFFA}.Debug|iPhone.Build.0 = Debug|Any CPU
		{0133FCC2-A9EC-4DEC-B43E-F0B0F136BFFA}.Debug|iPhoneSimulator.ActiveCfg = Debug|Any CPU
		{0133FCC2-A9EC-4DEC-B43E-F0B0F136BFFA}.Debug|iPhoneSimulator.Build.0 = Debug|Any CPU
		{0133FCC2-A9EC-4DEC-B43E-F0B0F136BFFA}.Debug|x64.ActiveCfg = Debug|Any CPU
		{0133FCC2-A9EC-4DEC-B43E-F0B0F136BFFA}.Debug|x64.Build.0 = Debug|Any CPU
		{0133FCC2-A9EC-4DEC-B43E-F0B0F136BFFA}.Debug|x86.ActiveCfg = Debug|Any CPU
		{0133FCC2-A9EC-4DEC-B43E-F0B0F136BFFA}.Debug|x86.Build.0 = Debug|Any CPU
		{0133FCC2-A9EC-4DEC-B43E-F0B0F136BFFA}.Release|Any CPU.ActiveCfg = Release|Any CPU
		{0133FCC2-A9EC-4DEC-B43E-F0B0F136BFFA}.Release|Any CPU.Build.0 = Release|Any CPU
		{0133FCC2-A9EC-4DEC-B43E-F0B0F136BFFA}.Release|ARM.ActiveCfg = Release|Any CPU
		{0133FCC2-A9EC-4DEC-B43E-F0B0F136BFFA}.Release|ARM.Build.0 = Release|Any CPU
		{0133FCC2-A9EC-4DEC-B43E-F0B0F136BFFA}.Release|iPhone.ActiveCfg = Release|Any CPU
		{0133FCC2-A9EC-4DEC-B43E-F0B0F136BFFA}.Release|iPhone.Build.0 = Release|Any CPU
		{0133FCC2-A9EC-4DEC-B43E-F0B0F136BFFA}.Release|iPhoneSimulator.ActiveCfg = Release|Any CPU
		{0133FCC2-A9EC-4DEC-B43E-F0B0F136BFFA}.Release|iPhoneSimulator.Build.0 = Release|Any CPU
		{0133FCC2-A9EC-4DEC-B43E-F0B0F136BFFA}.Release|x64.ActiveCfg = Release|Any CPU
		{0133FCC2-A9EC-4DEC-B43E-F0B0F136BFFA}.Release|x64.Build.0 = Release|Any CPU
		{0133FCC2-A9EC-4DEC-B43E-F0B0F136BFFA}.Release|x86.ActiveCfg = Release|Any CPU
		{0133FCC2-A9EC-4DEC-B43E-F0B0F136BFFA}.Release|x86.Build.0 = Release|Any CPU
		{FE719A18-689B-4239-9BD2-58C45719B6CB}.Ad-Hoc|Any CPU.ActiveCfg = Debug|Any CPU
		{FE719A18-689B-4239-9BD2-58C45719B6CB}.Ad-Hoc|Any CPU.Build.0 = Debug|Any CPU
		{FE719A18-689B-4239-9BD2-58C45719B6CB}.Ad-Hoc|ARM.ActiveCfg = Debug|Any CPU
		{FE719A18-689B-4239-9BD2-58C45719B6CB}.Ad-Hoc|ARM.Build.0 = Debug|Any CPU
		{FE719A18-689B-4239-9BD2-58C45719B6CB}.Ad-Hoc|iPhone.ActiveCfg = Debug|Any CPU
		{FE719A18-689B-4239-9BD2-58C45719B6CB}.Ad-Hoc|iPhone.Build.0 = Debug|Any CPU
		{FE719A18-689B-4239-9BD2-58C45719B6CB}.Ad-Hoc|iPhoneSimulator.ActiveCfg = Debug|Any CPU
		{FE719A18-689B-4239-9BD2-58C45719B6CB}.Ad-Hoc|iPhoneSimulator.Build.0 = Debug|Any CPU
		{FE719A18-689B-4239-9BD2-58C45719B6CB}.Ad-Hoc|x64.ActiveCfg = Debug|Any CPU
		{FE719A18-689B-4239-9BD2-58C45719B6CB}.Ad-Hoc|x64.Build.0 = Debug|Any CPU
		{FE719A18-689B-4239-9BD2-58C45719B6CB}.Ad-Hoc|x86.ActiveCfg = Debug|Any CPU
		{FE719A18-689B-4239-9BD2-58C45719B6CB}.Ad-Hoc|x86.Build.0 = Debug|Any CPU
		{FE719A18-689B-4239-9BD2-58C45719B6CB}.AppStore|Any CPU.ActiveCfg = Debug|Any CPU
		{FE719A18-689B-4239-9BD2-58C45719B6CB}.AppStore|Any CPU.Build.0 = Debug|Any CPU
		{FE719A18-689B-4239-9BD2-58C45719B6CB}.AppStore|ARM.ActiveCfg = Debug|Any CPU
		{FE719A18-689B-4239-9BD2-58C45719B6CB}.AppStore|ARM.Build.0 = Debug|Any CPU
		{FE719A18-689B-4239-9BD2-58C45719B6CB}.AppStore|iPhone.ActiveCfg = Debug|Any CPU
		{FE719A18-689B-4239-9BD2-58C45719B6CB}.AppStore|iPhone.Build.0 = Debug|Any CPU
		{FE719A18-689B-4239-9BD2-58C45719B6CB}.AppStore|iPhoneSimulator.ActiveCfg = Debug|Any CPU
		{FE719A18-689B-4239-9BD2-58C45719B6CB}.AppStore|iPhoneSimulator.Build.0 = Debug|Any CPU
		{FE719A18-689B-4239-9BD2-58C45719B6CB}.AppStore|x64.ActiveCfg = Debug|Any CPU
		{FE719A18-689B-4239-9BD2-58C45719B6CB}.AppStore|x64.Build.0 = Debug|Any CPU
		{FE719A18-689B-4239-9BD2-58C45719B6CB}.AppStore|x86.ActiveCfg = Debug|Any CPU
		{FE719A18-689B-4239-9BD2-58C45719B6CB}.AppStore|x86.Build.0 = Debug|Any CPU
		{FE719A18-689B-4239-9BD2-58C45719B6CB}.Debug|Any CPU.ActiveCfg = Debug|Any CPU
		{FE719A18-689B-4239-9BD2-58C45719B6CB}.Debug|Any CPU.Build.0 = Debug|Any CPU
		{FE719A18-689B-4239-9BD2-58C45719B6CB}.Debug|ARM.ActiveCfg = Debug|Any CPU
		{FE719A18-689B-4239-9BD2-58C45719B6CB}.Debug|ARM.Build.0 = Debug|Any CPU
		{FE719A18-689B-4239-9BD2-58C45719B6CB}.Debug|iPhone.ActiveCfg = Debug|Any CPU
		{FE719A18-689B-4239-9BD2-58C45719B6CB}.Debug|iPhone.Build.0 = Debug|Any CPU
		{FE719A18-689B-4239-9BD2-58C45719B6CB}.Debug|iPhoneSimulator.ActiveCfg = Debug|Any CPU
		{FE719A18-689B-4239-9BD2-58C45719B6CB}.Debug|iPhoneSimulator.Build.0 = Debug|Any CPU
		{FE719A18-689B-4239-9BD2-58C45719B6CB}.Debug|x64.ActiveCfg = Debug|Any CPU
		{FE719A18-689B-4239-9BD2-58C45719B6CB}.Debug|x64.Build.0 = Debug|Any CPU
		{FE719A18-689B-4239-9BD2-58C45719B6CB}.Debug|x86.ActiveCfg = Debug|Any CPU
		{FE719A18-689B-4239-9BD2-58C45719B6CB}.Debug|x86.Build.0 = Debug|Any CPU
		{FE719A18-689B-4239-9BD2-58C45719B6CB}.Release|Any CPU.ActiveCfg = Release|Any CPU
		{FE719A18-689B-4239-9BD2-58C45719B6CB}.Release|Any CPU.Build.0 = Release|Any CPU
		{FE719A18-689B-4239-9BD2-58C45719B6CB}.Release|ARM.ActiveCfg = Release|Any CPU
		{FE719A18-689B-4239-9BD2-58C45719B6CB}.Release|ARM.Build.0 = Release|Any CPU
		{FE719A18-689B-4239-9BD2-58C45719B6CB}.Release|iPhone.ActiveCfg = Release|Any CPU
		{FE719A18-689B-4239-9BD2-58C45719B6CB}.Release|iPhone.Build.0 = Release|Any CPU
		{FE719A18-689B-4239-9BD2-58C45719B6CB}.Release|iPhoneSimulator.ActiveCfg = Release|Any CPU
		{FE719A18-689B-4239-9BD2-58C45719B6CB}.Release|iPhoneSimulator.Build.0 = Release|Any CPU
		{FE719A18-689B-4239-9BD2-58C45719B6CB}.Release|x64.ActiveCfg = Release|Any CPU
		{FE719A18-689B-4239-9BD2-58C45719B6CB}.Release|x64.Build.0 = Release|Any CPU
		{FE719A18-689B-4239-9BD2-58C45719B6CB}.Release|x86.ActiveCfg = Release|Any CPU
		{FE719A18-689B-4239-9BD2-58C45719B6CB}.Release|x86.Build.0 = Release|Any CPU
		{9D7A766A-E8AB-495C-A2C4-14984F7D925E}.Ad-Hoc|Any CPU.ActiveCfg = Debug|Any CPU
		{9D7A766A-E8AB-495C-A2C4-14984F7D925E}.Ad-Hoc|Any CPU.Build.0 = Debug|Any CPU
		{9D7A766A-E8AB-495C-A2C4-14984F7D925E}.Ad-Hoc|ARM.ActiveCfg = Debug|Any CPU
		{9D7A766A-E8AB-495C-A2C4-14984F7D925E}.Ad-Hoc|ARM.Build.0 = Debug|Any CPU
		{9D7A766A-E8AB-495C-A2C4-14984F7D925E}.Ad-Hoc|iPhone.ActiveCfg = Debug|Any CPU
		{9D7A766A-E8AB-495C-A2C4-14984F7D925E}.Ad-Hoc|iPhone.Build.0 = Debug|Any CPU
		{9D7A766A-E8AB-495C-A2C4-14984F7D925E}.Ad-Hoc|iPhoneSimulator.ActiveCfg = Debug|Any CPU
		{9D7A766A-E8AB-495C-A2C4-14984F7D925E}.Ad-Hoc|iPhoneSimulator.Build.0 = Debug|Any CPU
		{9D7A766A-E8AB-495C-A2C4-14984F7D925E}.Ad-Hoc|x64.ActiveCfg = Debug|Any CPU
		{9D7A766A-E8AB-495C-A2C4-14984F7D925E}.Ad-Hoc|x64.Build.0 = Debug|Any CPU
		{9D7A766A-E8AB-495C-A2C4-14984F7D925E}.Ad-Hoc|x86.ActiveCfg = Debug|Any CPU
		{9D7A766A-E8AB-495C-A2C4-14984F7D925E}.Ad-Hoc|x86.Build.0 = Debug|Any CPU
		{9D7A766A-E8AB-495C-A2C4-14984F7D925E}.AppStore|Any CPU.ActiveCfg = Debug|Any CPU
		{9D7A766A-E8AB-495C-A2C4-14984F7D925E}.AppStore|Any CPU.Build.0 = Debug|Any CPU
		{9D7A766A-E8AB-495C-A2C4-14984F7D925E}.AppStore|ARM.ActiveCfg = Debug|Any CPU
		{9D7A766A-E8AB-495C-A2C4-14984F7D925E}.AppStore|ARM.Build.0 = Debug|Any CPU
		{9D7A766A-E8AB-495C-A2C4-14984F7D925E}.AppStore|iPhone.ActiveCfg = Debug|Any CPU
		{9D7A766A-E8AB-495C-A2C4-14984F7D925E}.AppStore|iPhone.Build.0 = Debug|Any CPU
		{9D7A766A-E8AB-495C-A2C4-14984F7D925E}.AppStore|iPhoneSimulator.ActiveCfg = Debug|Any CPU
		{9D7A766A-E8AB-495C-A2C4-14984F7D925E}.AppStore|iPhoneSimulator.Build.0 = Debug|Any CPU
		{9D7A766A-E8AB-495C-A2C4-14984F7D925E}.AppStore|x64.ActiveCfg = Debug|Any CPU
		{9D7A766A-E8AB-495C-A2C4-14984F7D925E}.AppStore|x64.Build.0 = Debug|Any CPU
		{9D7A766A-E8AB-495C-A2C4-14984F7D925E}.AppStore|x86.ActiveCfg = Debug|Any CPU
		{9D7A766A-E8AB-495C-A2C4-14984F7D925E}.AppStore|x86.Build.0 = Debug|Any CPU
		{9D7A766A-E8AB-495C-A2C4-14984F7D925E}.Debug|Any CPU.ActiveCfg = Debug|Any CPU
		{9D7A766A-E8AB-495C-A2C4-14984F7D925E}.Debug|Any CPU.Build.0 = Debug|Any CPU
		{9D7A766A-E8AB-495C-A2C4-14984F7D925E}.Debug|ARM.ActiveCfg = Debug|Any CPU
		{9D7A766A-E8AB-495C-A2C4-14984F7D925E}.Debug|ARM.Build.0 = Debug|Any CPU
		{9D7A766A-E8AB-495C-A2C4-14984F7D925E}.Debug|iPhone.ActiveCfg = Debug|Any CPU
		{9D7A766A-E8AB-495C-A2C4-14984F7D925E}.Debug|iPhone.Build.0 = Debug|Any CPU
		{9D7A766A-E8AB-495C-A2C4-14984F7D925E}.Debug|iPhoneSimulator.ActiveCfg = Debug|Any CPU
		{9D7A766A-E8AB-495C-A2C4-14984F7D925E}.Debug|iPhoneSimulator.Build.0 = Debug|Any CPU
		{9D7A766A-E8AB-495C-A2C4-14984F7D925E}.Debug|x64.ActiveCfg = Debug|Any CPU
		{9D7A766A-E8AB-495C-A2C4-14984F7D925E}.Debug|x64.Build.0 = Debug|Any CPU
		{9D7A766A-E8AB-495C-A2C4-14984F7D925E}.Debug|x86.ActiveCfg = Debug|Any CPU
		{9D7A766A-E8AB-495C-A2C4-14984F7D925E}.Debug|x86.Build.0 = Debug|Any CPU
		{9D7A766A-E8AB-495C-A2C4-14984F7D925E}.Release|Any CPU.ActiveCfg = Release|Any CPU
		{9D7A766A-E8AB-495C-A2C4-14984F7D925E}.Release|Any CPU.Build.0 = Release|Any CPU
		{9D7A766A-E8AB-495C-A2C4-14984F7D925E}.Release|ARM.ActiveCfg = Release|Any CPU
		{9D7A766A-E8AB-495C-A2C4-14984F7D925E}.Release|ARM.Build.0 = Release|Any CPU
		{9D7A766A-E8AB-495C-A2C4-14984F7D925E}.Release|iPhone.ActiveCfg = Release|Any CPU
		{9D7A766A-E8AB-495C-A2C4-14984F7D925E}.Release|iPhone.Build.0 = Release|Any CPU
		{9D7A766A-E8AB-495C-A2C4-14984F7D925E}.Release|iPhoneSimulator.ActiveCfg = Release|Any CPU
		{9D7A766A-E8AB-495C-A2C4-14984F7D925E}.Release|iPhoneSimulator.Build.0 = Release|Any CPU
		{9D7A766A-E8AB-495C-A2C4-14984F7D925E}.Release|x64.ActiveCfg = Release|Any CPU
		{9D7A766A-E8AB-495C-A2C4-14984F7D925E}.Release|x64.Build.0 = Release|Any CPU
		{9D7A766A-E8AB-495C-A2C4-14984F7D925E}.Release|x86.ActiveCfg = Release|Any CPU
		{9D7A766A-E8AB-495C-A2C4-14984F7D925E}.Release|x86.Build.0 = Release|Any CPU
		{DFDEE250-6360-482C-9ACC-4CFDC9CFEF75}.Ad-Hoc|Any CPU.ActiveCfg = Debug|Any CPU
		{DFDEE250-6360-482C-9ACC-4CFDC9CFEF75}.Ad-Hoc|Any CPU.Build.0 = Debug|Any CPU
		{DFDEE250-6360-482C-9ACC-4CFDC9CFEF75}.Ad-Hoc|ARM.ActiveCfg = Debug|Any CPU
		{DFDEE250-6360-482C-9ACC-4CFDC9CFEF75}.Ad-Hoc|ARM.Build.0 = Debug|Any CPU
		{DFDEE250-6360-482C-9ACC-4CFDC9CFEF75}.Ad-Hoc|iPhone.ActiveCfg = Debug|Any CPU
		{DFDEE250-6360-482C-9ACC-4CFDC9CFEF75}.Ad-Hoc|iPhone.Build.0 = Debug|Any CPU
		{DFDEE250-6360-482C-9ACC-4CFDC9CFEF75}.Ad-Hoc|iPhoneSimulator.ActiveCfg = Debug|Any CPU
		{DFDEE250-6360-482C-9ACC-4CFDC9CFEF75}.Ad-Hoc|iPhoneSimulator.Build.0 = Debug|Any CPU
		{DFDEE250-6360-482C-9ACC-4CFDC9CFEF75}.Ad-Hoc|x64.ActiveCfg = Debug|Any CPU
		{DFDEE250-6360-482C-9ACC-4CFDC9CFEF75}.Ad-Hoc|x64.Build.0 = Debug|Any CPU
		{DFDEE250-6360-482C-9ACC-4CFDC9CFEF75}.Ad-Hoc|x86.ActiveCfg = Debug|Any CPU
		{DFDEE250-6360-482C-9ACC-4CFDC9CFEF75}.Ad-Hoc|x86.Build.0 = Debug|Any CPU
		{DFDEE250-6360-482C-9ACC-4CFDC9CFEF75}.AppStore|Any CPU.ActiveCfg = Debug|Any CPU
		{DFDEE250-6360-482C-9ACC-4CFDC9CFEF75}.AppStore|Any CPU.Build.0 = Debug|Any CPU
		{DFDEE250-6360-482C-9ACC-4CFDC9CFEF75}.AppStore|ARM.ActiveCfg = Debug|Any CPU
		{DFDEE250-6360-482C-9ACC-4CFDC9CFEF75}.AppStore|ARM.Build.0 = Debug|Any CPU
		{DFDEE250-6360-482C-9ACC-4CFDC9CFEF75}.AppStore|iPhone.ActiveCfg = Debug|Any CPU
		{DFDEE250-6360-482C-9ACC-4CFDC9CFEF75}.AppStore|iPhone.Build.0 = Debug|Any CPU
		{DFDEE250-6360-482C-9ACC-4CFDC9CFEF75}.AppStore|iPhoneSimulator.ActiveCfg = Debug|Any CPU
		{DFDEE250-6360-482C-9ACC-4CFDC9CFEF75}.AppStore|iPhoneSimulator.Build.0 = Debug|Any CPU
		{DFDEE250-6360-482C-9ACC-4CFDC9CFEF75}.AppStore|x64.ActiveCfg = Debug|Any CPU
		{DFDEE250-6360-482C-9ACC-4CFDC9CFEF75}.AppStore|x64.Build.0 = Debug|Any CPU
		{DFDEE250-6360-482C-9ACC-4CFDC9CFEF75}.AppStore|x86.ActiveCfg = Debug|Any CPU
		{DFDEE250-6360-482C-9ACC-4CFDC9CFEF75}.AppStore|x86.Build.0 = Debug|Any CPU
		{DFDEE250-6360-482C-9ACC-4CFDC9CFEF75}.Debug|Any CPU.ActiveCfg = Debug|Any CPU
		{DFDEE250-6360-482C-9ACC-4CFDC9CFEF75}.Debug|Any CPU.Build.0 = Debug|Any CPU
		{DFDEE250-6360-482C-9ACC-4CFDC9CFEF75}.Debug|ARM.ActiveCfg = Debug|Any CPU
		{DFDEE250-6360-482C-9ACC-4CFDC9CFEF75}.Debug|ARM.Build.0 = Debug|Any CPU
		{DFDEE250-6360-482C-9ACC-4CFDC9CFEF75}.Debug|iPhone.ActiveCfg = Debug|Any CPU
		{DFDEE250-6360-482C-9ACC-4CFDC9CFEF75}.Debug|iPhone.Build.0 = Debug|Any CPU
		{DFDEE250-6360-482C-9ACC-4CFDC9CFEF75}.Debug|iPhoneSimulator.ActiveCfg = Debug|Any CPU
		{DFDEE250-6360-482C-9ACC-4CFDC9CFEF75}.Debug|iPhoneSimulator.Build.0 = Debug|Any CPU
		{DFDEE250-6360-482C-9ACC-4CFDC9CFEF75}.Debug|x64.ActiveCfg = Debug|Any CPU
		{DFDEE250-6360-482C-9ACC-4CFDC9CFEF75}.Debug|x64.Build.0 = Debug|Any CPU
		{DFDEE250-6360-482C-9ACC-4CFDC9CFEF75}.Debug|x86.ActiveCfg = Debug|Any CPU
		{DFDEE250-6360-482C-9ACC-4CFDC9CFEF75}.Debug|x86.Build.0 = Debug|Any CPU
		{DFDEE250-6360-482C-9ACC-4CFDC9CFEF75}.Release|Any CPU.ActiveCfg = Release|Any CPU
		{DFDEE250-6360-482C-9ACC-4CFDC9CFEF75}.Release|Any CPU.Build.0 = Release|Any CPU
		{DFDEE250-6360-482C-9ACC-4CFDC9CFEF75}.Release|ARM.ActiveCfg = Release|Any CPU
		{DFDEE250-6360-482C-9ACC-4CFDC9CFEF75}.Release|ARM.Build.0 = Release|Any CPU
		{DFDEE250-6360-482C-9ACC-4CFDC9CFEF75}.Release|iPhone.ActiveCfg = Release|Any CPU
		{DFDEE250-6360-482C-9ACC-4CFDC9CFEF75}.Release|iPhone.Build.0 = Release|Any CPU
		{DFDEE250-6360-482C-9ACC-4CFDC9CFEF75}.Release|iPhoneSimulator.ActiveCfg = Release|Any CPU
		{DFDEE250-6360-482C-9ACC-4CFDC9CFEF75}.Release|iPhoneSimulator.Build.0 = Release|Any CPU
		{DFDEE250-6360-482C-9ACC-4CFDC9CFEF75}.Release|x64.ActiveCfg = Release|Any CPU
		{DFDEE250-6360-482C-9ACC-4CFDC9CFEF75}.Release|x64.Build.0 = Release|Any CPU
		{DFDEE250-6360-482C-9ACC-4CFDC9CFEF75}.Release|x86.ActiveCfg = Release|Any CPU
		{DFDEE250-6360-482C-9ACC-4CFDC9CFEF75}.Release|x86.Build.0 = Release|Any CPU
	EndGlobalSection
	GlobalSection(SolutionProperties) = preSolution
		HideSolutionNode = FALSE
	EndGlobalSection
	GlobalSection(NestedProjects) = preSolution
		{4DC53C6B-9F4B-4168-80C9-5D6C8849892E} = {701A2C96-FF1E-4CC9-9C50-A222739B1CAF}
		{0133FCC2-A9EC-4DEC-B43E-F0B0F136BFFA} = {0BBF8AE8-5D51-4835-A072-64B5C7562DB3}
		{FE719A18-689B-4239-9BD2-58C45719B6CB} = {701A2C96-FF1E-4CC9-9C50-A222739B1CAF}
		{9D7A766A-E8AB-495C-A2C4-14984F7D925E} = {0BBF8AE8-5D51-4835-A072-64B5C7562DB3}
		{DFDEE250-6360-482C-9ACC-4CFDC9CFEF75} = {701A2C96-FF1E-4CC9-9C50-A222739B1CAF}
	EndGlobalSection
	GlobalSection(ExtensibilityGlobals) = postSolution
		SolutionGuid = {27E4D604-8D19-4C97-9FF4-069F08887E18}
	EndGlobalSection
EndGlobal
