
Microsoft Visual Studio Solution File, Format Version 12.00
# Visual Studio 15
VisualStudioVersion = 15.0.26403.0
MinimumVisualStudioVersion = 10.0.40219.1
Project("{2150E333-8FDC-42A3-9474-1A3956D46DE8}") = "Source", "Source", "{701A2C96-FF1E-4CC9-9C50-A222739B1CAF}"
EndProject
Project("{FAE04EC0-301F-11D3-BF4B-00C04F79EFBC}") = "I18NPortable", "I18NPortable\I18NPortable.csproj", "{E340CBB2-3B77-45A8-8997-E4098D82EDBC}"
EndProject
Project("{2150E333-8FDC-42A3-9474-1A3956D46DE8}") = "Solution Items", "Solution Items", "{CF5422D5-051E-4504-8CFD-74FB2B789E95}"
	ProjectSection(SolutionItems) = preProject
		README.md = README.md
	EndProjectSection
EndProject
Project("{2150E333-8FDC-42A3-9474-1A3956D46DE8}") = "Tests", "Tests", "{0BBF8AE8-5D51-4835-A072-64B5C7562DB3}"
EndProject
Project("{FAE04EC0-301F-11D3-BF4B-00C04F79EFBC}") = "I18NPortable.UnitTests", "I18NPortable.UnitTests\I18NPortable.UnitTests.csproj", "{266DE5DB-72CA-4655-ACFE-D3045D23D1D0}"
EndProject
Project("{2150E333-8FDC-42A3-9474-1A3956D46DE8}") = "Samples", "Samples", "{AC255321-AC01-4475-9CA6-4338635B5D19}"
EndProject
Project("{FAE04EC0-301F-11D3-BF4B-00C04F79EFBC}") = "Sample.Classic.Core", "Sample.Classic.Core\Sample.Classic.Core.csproj", "{40CC1D21-7F98-4543-89C1-0A5152635FBB}"
EndProject
Project("{FAE04EC0-301F-11D3-BF4B-00C04F79EFBC}") = "Sample.Classic.Uwp", "Sample.Classic.Uwp\Sample.Classic.Uwp.csproj", "{6BDE20CA-DA62-42BB-9CE5-F8B0E3252D71}"
EndProject
Project("{FAE04EC0-301F-11D3-BF4B-00C04F79EFBC}") = "Sample.Classic.Droid", "Sample.Classic.Droid\Sample.Classic.Droid.csproj", "{FA98CB20-5844-4019-8CD4-1A5D74698215}"
EndProject
Project("{FAE04EC0-301F-11D3-BF4B-00C04F79EFBC}") = "Sample.Classic.iOS", "Sample.Classic.iOS\Sample.Classic.iOS.csproj", "{EC5EE73E-3503-4A05-99AD-E2E787E2C8A4}"
EndProject
Global
	GlobalSection(SolutionConfigurationPlatforms) = preSolution
		Ad-Hoc|Any CPU = Ad-Hoc|Any CPU
		Ad-Hoc|ARM = Ad-Hoc|ARM
		Ad-Hoc|iPhone = Ad-Hoc|iPhone
		Ad-Hoc|iPhoneSimulator = Ad-Hoc|iPhoneSimulator
		Ad-Hoc|x64 = Ad-Hoc|x64
		Ad-Hoc|x86 = Ad-Hoc|x86
		AppStore|Any CPU = AppStore|Any CPU
		AppStore|ARM = AppStore|ARM
		AppStore|iPhone = AppStore|iPhone
		AppStore|iPhoneSimulator = AppStore|iPhoneSimulator
		AppStore|x64 = AppStore|x64
		AppStore|x86 = AppStore|x86
		Debug|Any CPU = Debug|Any CPU
		Debug|ARM = Debug|ARM
		Debug|iPhone = Debug|iPhone
		Debug|iPhoneSimulator = Debug|iPhoneSimulator
		Debug|x64 = Debug|x64
		Debug|x86 = Debug|x86
		Release|Any CPU = Release|Any CPU
		Release|ARM = Release|ARM
		Release|iPhone = Release|iPhone
		Release|iPhoneSimulator = Release|iPhoneSimulator
		Release|x64 = Release|x64
		Release|x86 = Release|x86
	EndGlobalSection
	GlobalSection(ProjectConfigurationPlatforms) = postSolution
		{E340CBB2-3B77-45A8-8997-E4098D82EDBC}.Ad-Hoc|Any CPU.ActiveCfg = Release|Any CPU
		{E340CBB2-3B77-45A8-8997-E4098D82EDBC}.Ad-Hoc|Any CPU.Build.0 = Release|Any CPU
		{E340CBB2-3B77-45A8-8997-E4098D82EDBC}.Ad-Hoc|ARM.ActiveCfg = Debug|Any CPU
		{E340CBB2-3B77-45A8-8997-E4098D82EDBC}.Ad-Hoc|ARM.Build.0 = Debug|Any CPU
		{E340CBB2-3B77-45A8-8997-E4098D82EDBC}.Ad-Hoc|iPhone.ActiveCfg = Release|Any CPU
		{E340CBB2-3B77-45A8-8997-E4098D82EDBC}.Ad-Hoc|iPhone.Build.0 = Release|Any CPU
		{E340CBB2-3B77-45A8-8997-E4098D82EDBC}.Ad-Hoc|iPhoneSimulator.ActiveCfg = Release|Any CPU
		{E340CBB2-3B77-45A8-8997-E4098D82EDBC}.Ad-Hoc|iPhoneSimulator.Build.0 = Release|Any CPU
		{E340CBB2-3B77-45A8-8997-E4098D82EDBC}.Ad-Hoc|x64.ActiveCfg = Debug|Any CPU
		{E340CBB2-3B77-45A8-8997-E4098D82EDBC}.Ad-Hoc|x64.Build.0 = Debug|Any CPU
		{E340CBB2-3B77-45A8-8997-E4098D82EDBC}.Ad-Hoc|x86.ActiveCfg = Debug|Any CPU
		{E340CBB2-3B77-45A8-8997-E4098D82EDBC}.Ad-Hoc|x86.Build.0 = Debug|Any CPU
		{E340CBB2-3B77-45A8-8997-E4098D82EDBC}.AppStore|Any CPU.ActiveCfg = Release|Any CPU
		{E340CBB2-3B77-45A8-8997-E4098D82EDBC}.AppStore|Any CPU.Build.0 = Release|Any CPU
		{E340CBB2-3B77-45A8-8997-E4098D82EDBC}.AppStore|ARM.ActiveCfg = Debug|Any CPU
		{E340CBB2-3B77-45A8-8997-E4098D82EDBC}.AppStore|ARM.Build.0 = Debug|Any CPU
		{E340CBB2-3B77-45A8-8997-E4098D82EDBC}.AppStore|iPhone.ActiveCfg = Release|Any CPU
		{E340CBB2-3B77-45A8-8997-E4098D82EDBC}.AppStore|iPhone.Build.0 = Release|Any CPU
		{E340CBB2-3B77-45A8-8997-E4098D82EDBC}.AppStore|iPhoneSimulator.ActiveCfg = Release|Any CPU
		{E340CBB2-3B77-45A8-8997-E4098D82EDBC}.AppStore|iPhoneSimulator.Build.0 = Release|Any CPU
		{E340CBB2-3B77-45A8-8997-E4098D82EDBC}.AppStore|x64.ActiveCfg = Debug|Any CPU
		{E340CBB2-3B77-45A8-8997-E4098D82EDBC}.AppStore|x64.Build.0 = Debug|Any CPU
		{E340CBB2-3B77-45A8-8997-E4098D82EDBC}.AppStore|x86.ActiveCfg = Debug|Any CPU
		{E340CBB2-3B77-45A8-8997-E4098D82EDBC}.AppStore|x86.Build.0 = Debug|Any CPU
		{E340CBB2-3B77-45A8-8997-E4098D82EDBC}.Debug|Any CPU.ActiveCfg = Debug|Any CPU
		{E340CBB2-3B77-45A8-8997-E4098D82EDBC}.Debug|Any CPU.Build.0 = Debug|Any CPU
		{E340CBB2-3B77-45A8-8997-E4098D82EDBC}.Debug|ARM.ActiveCfg = Debug|Any CPU
		{E340CBB2-3B77-45A8-8997-E4098D82EDBC}.Debug|ARM.Build.0 = Debug|Any CPU
		{E340CBB2-3B77-45A8-8997-E4098D82EDBC}.Debug|iPhone.ActiveCfg = Debug|Any CPU
		{E340CBB2-3B77-45A8-8997-E4098D82EDBC}.Debug|iPhone.Build.0 = Debug|Any CPU
		{E340CBB2-3B77-45A8-8997-E4098D82EDBC}.Debug|iPhoneSimulator.ActiveCfg = Debug|Any CPU
		{E340CBB2-3B77-45A8-8997-E4098D82EDBC}.Debug|iPhoneSimulator.Build.0 = Debug|Any CPU
		{E340CBB2-3B77-45A8-8997-E4098D82EDBC}.Debug|x64.ActiveCfg = Debug|Any CPU
		{E340CBB2-3B77-45A8-8997-E4098D82EDBC}.Debug|x64.Build.0 = Debug|Any CPU
		{E340CBB2-3B77-45A8-8997-E4098D82EDBC}.Debug|x86.ActiveCfg = Debug|Any CPU
		{E340CBB2-3B77-45A8-8997-E4098D82EDBC}.Debug|x86.Build.0 = Debug|Any CPU
		{E340CBB2-3B77-45A8-8997-E4098D82EDBC}.Release|Any CPU.ActiveCfg = Release|Any CPU
		{E340CBB2-3B77-45A8-8997-E4098D82EDBC}.Release|Any CPU.Build.0 = Release|Any CPU
		{E340CBB2-3B77-45A8-8997-E4098D82EDBC}.Release|ARM.ActiveCfg = Release|Any CPU
		{E340CBB2-3B77-45A8-8997-E4098D82EDBC}.Release|ARM.Build.0 = Release|Any CPU
		{E340CBB2-3B77-45A8-8997-E4098D82EDBC}.Release|iPhone.ActiveCfg = Release|Any CPU
		{E340CBB2-3B77-45A8-8997-E4098D82EDBC}.Release|iPhone.Build.0 = Release|Any CPU
		{E340CBB2-3B77-45A8-8997-E4098D82EDBC}.Release|iPhoneSimulator.ActiveCfg = Release|Any CPU
		{E340CBB2-3B77-45A8-8997-E4098D82EDBC}.Release|iPhoneSimulator.Build.0 = Release|Any CPU
		{E340CBB2-3B77-45A8-8997-E4098D82EDBC}.Release|x64.ActiveCfg = Release|Any CPU
		{E340CBB2-3B77-45A8-8997-E4098D82EDBC}.Release|x64.Build.0 = Release|Any CPU
		{E340CBB2-3B77-45A8-8997-E4098D82EDBC}.Release|x86.ActiveCfg = Release|Any CPU
		{E340CBB2-3B77-45A8-8997-E4098D82EDBC}.Release|x86.Build.0 = Release|Any CPU
		{266DE5DB-72CA-4655-ACFE-D3045D23D1D0}.Ad-Hoc|Any CPU.ActiveCfg = Release|Any CPU
		{266DE5DB-72CA-4655-ACFE-D3045D23D1D0}.Ad-Hoc|Any CPU.Build.0 = Release|Any CPU
		{266DE5DB-72CA-4655-ACFE-D3045D23D1D0}.Ad-Hoc|ARM.ActiveCfg = Debug|Any CPU
		{266DE5DB-72CA-4655-ACFE-D3045D23D1D0}.Ad-Hoc|ARM.Build.0 = Debug|Any CPU
		{266DE5DB-72CA-4655-ACFE-D3045D23D1D0}.Ad-Hoc|iPhone.ActiveCfg = Release|Any CPU
		{266DE5DB-72CA-4655-ACFE-D3045D23D1D0}.Ad-Hoc|iPhone.Build.0 = Release|Any CPU
		{266DE5DB-72CA-4655-ACFE-D3045D23D1D0}.Ad-Hoc|iPhoneSimulator.ActiveCfg = Release|Any CPU
		{266DE5DB-72CA-4655-ACFE-D3045D23D1D0}.Ad-Hoc|iPhoneSimulator.Build.0 = Release|Any CPU
		{266DE5DB-72CA-4655-ACFE-D3045D23D1D0}.Ad-Hoc|x64.ActiveCfg = Debug|Any CPU
		{266DE5DB-72CA-4655-ACFE-D3045D23D1D0}.Ad-Hoc|x64.Build.0 = Debug|Any CPU
		{266DE5DB-72CA-4655-ACFE-D3045D23D1D0}.Ad-Hoc|x86.ActiveCfg = Debug|Any CPU
		{266DE5DB-72CA-4655-ACFE-D3045D23D1D0}.Ad-Hoc|x86.Build.0 = Debug|Any CPU
		{266DE5DB-72CA-4655-ACFE-D3045D23D1D0}.AppStore|Any CPU.ActiveCfg = Release|Any CPU
		{266DE5DB-72CA-4655-ACFE-D3045D23D1D0}.AppStore|Any CPU.Build.0 = Release|Any CPU
		{266DE5DB-72CA-4655-ACFE-D3045D23D1D0}.AppStore|ARM.ActiveCfg = Debug|Any CPU
		{266DE5DB-72CA-4655-ACFE-D3045D23D1D0}.AppStore|ARM.Build.0 = Debug|Any CPU
		{266DE5DB-72CA-4655-ACFE-D3045D23D1D0}.AppStore|iPhone.ActiveCfg = Release|Any CPU
		{266DE5DB-72CA-4655-ACFE-D3045D23D1D0}.AppStore|iPhone.Build.0 = Release|Any CPU
		{266DE5DB-72CA-4655-ACFE-D3045D23D1D0}.AppStore|iPhoneSimulator.ActiveCfg = Release|Any CPU
		{266DE5DB-72CA-4655-ACFE-D3045D23D1D0}.AppStore|iPhoneSimulator.Build.0 = Release|Any CPU
		{266DE5DB-72CA-4655-ACFE-D3045D23D1D0}.AppStore|x64.ActiveCfg = Debug|Any CPU
		{266DE5DB-72CA-4655-ACFE-D3045D23D1D0}.AppStore|x64.Build.0 = Debug|Any CPU
		{266DE5DB-72CA-4655-ACFE-D3045D23D1D0}.AppStore|x86.ActiveCfg = Debug|Any CPU
		{266DE5DB-72CA-4655-ACFE-D3045D23D1D0}.AppStore|x86.Build.0 = Debug|Any CPU
		{266DE5DB-72CA-4655-ACFE-D3045D23D1D0}.Debug|Any CPU.ActiveCfg = Debug|Any CPU
		{266DE5DB-72CA-4655-ACFE-D3045D23D1D0}.Debug|Any CPU.Build.0 = Debug|Any CPU
		{266DE5DB-72CA-4655-ACFE-D3045D23D1D0}.Debug|ARM.ActiveCfg = Debug|Any CPU
		{266DE5DB-72CA-4655-ACFE-D3045D23D1D0}.Debug|ARM.Build.0 = Debug|Any CPU
		{266DE5DB-72CA-4655-ACFE-D3045D23D1D0}.Debug|iPhone.ActiveCfg = Debug|Any CPU
		{266DE5DB-72CA-4655-ACFE-D3045D23D1D0}.Debug|iPhone.Build.0 = Debug|Any CPU
		{266DE5DB-72CA-4655-ACFE-D3045D23D1D0}.Debug|iPhoneSimulator.ActiveCfg = Debug|Any CPU
		{266DE5DB-72CA-4655-ACFE-D3045D23D1D0}.Debug|iPhoneSimulator.Build.0 = Debug|Any CPU
		{266DE5DB-72CA-4655-ACFE-D3045D23D1D0}.Debug|x64.ActiveCfg = Debug|Any CPU
		{266DE5DB-72CA-4655-ACFE-D3045D23D1D0}.Debug|x64.Build.0 = Debug|Any CPU
		{266DE5DB-72CA-4655-ACFE-D3045D23D1D0}.Debug|x86.ActiveCfg = Debug|Any CPU
		{266DE5DB-72CA-4655-ACFE-D3045D23D1D0}.Debug|x86.Build.0 = Debug|Any CPU
		{266DE5DB-72CA-4655-ACFE-D3045D23D1D0}.Release|Any CPU.ActiveCfg = Release|Any CPU
		{266DE5DB-72CA-4655-ACFE-D3045D23D1D0}.Release|Any CPU.Build.0 = Release|Any CPU
		{266DE5DB-72CA-4655-ACFE-D3045D23D1D0}.Release|ARM.ActiveCfg = Release|Any CPU
		{266DE5DB-72CA-4655-ACFE-D3045D23D1D0}.Release|ARM.Build.0 = Release|Any CPU
		{266DE5DB-72CA-4655-ACFE-D3045D23D1D0}.Release|iPhone.ActiveCfg = Release|Any CPU
		{266DE5DB-72CA-4655-ACFE-D3045D23D1D0}.Release|iPhone.Build.0 = Release|Any CPU
		{266DE5DB-72CA-4655-ACFE-D3045D23D1D0}.Release|iPhoneSimulator.ActiveCfg = Release|Any CPU
		{266DE5DB-72CA-4655-ACFE-D3045D23D1D0}.Release|iPhoneSimulator.Build.0 = Release|Any CPU
		{266DE5DB-72CA-4655-ACFE-D3045D23D1D0}.Release|x64.ActiveCfg = Release|Any CPU
		{266DE5DB-72CA-4655-ACFE-D3045D23D1D0}.Release|x64.Build.0 = Release|Any CPU
		{266DE5DB-72CA-4655-ACFE-D3045D23D1D0}.Release|x86.ActiveCfg = Release|Any CPU
		{266DE5DB-72CA-4655-ACFE-D3045D23D1D0}.Release|x86.Build.0 = Release|Any CPU
		{40CC1D21-7F98-4543-89C1-0A5152635FBB}.Ad-Hoc|Any CPU.ActiveCfg = Release|Any CPU
		{40CC1D21-7F98-4543-89C1-0A5152635FBB}.Ad-Hoc|Any CPU.Build.0 = Release|Any CPU
		{40CC1D21-7F98-4543-89C1-0A5152635FBB}.Ad-Hoc|ARM.ActiveCfg = Debug|Any CPU
		{40CC1D21-7F98-4543-89C1-0A5152635FBB}.Ad-Hoc|ARM.Build.0 = Debug|Any CPU
		{40CC1D21-7F98-4543-89C1-0A5152635FBB}.Ad-Hoc|iPhone.ActiveCfg = Release|Any CPU
		{40CC1D21-7F98-4543-89C1-0A5152635FBB}.Ad-Hoc|iPhone.Build.0 = Release|Any CPU
		{40CC1D21-7F98-4543-89C1-0A5152635FBB}.Ad-Hoc|iPhoneSimulator.ActiveCfg = Release|Any CPU
		{40CC1D21-7F98-4543-89C1-0A5152635FBB}.Ad-Hoc|iPhoneSimulator.Build.0 = Release|Any CPU
		{40CC1D21-7F98-4543-89C1-0A5152635FBB}.Ad-Hoc|x64.ActiveCfg = Debug|Any CPU
		{40CC1D21-7F98-4543-89C1-0A5152635FBB}.Ad-Hoc|x64.Build.0 = Debug|Any CPU
		{40CC1D21-7F98-4543-89C1-0A5152635FBB}.Ad-Hoc|x86.ActiveCfg = Debug|Any CPU
		{40CC1D21-7F98-4543-89C1-0A5152635FBB}.Ad-Hoc|x86.Build.0 = Debug|Any CPU
		{40CC1D21-7F98-4543-89C1-0A5152635FBB}.AppStore|Any CPU.ActiveCfg = Release|Any CPU
		{40CC1D21-7F98-4543-89C1-0A5152635FBB}.AppStore|Any CPU.Build.0 = Release|Any CPU
		{40CC1D21-7F98-4543-89C1-0A5152635FBB}.AppStore|ARM.ActiveCfg = Debug|Any CPU
		{40CC1D21-7F98-4543-89C1-0A5152635FBB}.AppStore|ARM.Build.0 = Debug|Any CPU
		{40CC1D21-7F98-4543-89C1-0A5152635FBB}.AppStore|iPhone.ActiveCfg = Release|Any CPU
		{40CC1D21-7F98-4543-89C1-0A5152635FBB}.AppStore|iPhone.Build.0 = Release|Any CPU
		{40CC1D21-7F98-4543-89C1-0A5152635FBB}.AppStore|iPhoneSimulator.ActiveCfg = Release|Any CPU
		{40CC1D21-7F98-4543-89C1-0A5152635FBB}.AppStore|iPhoneSimulator.Build.0 = Release|Any CPU
		{40CC1D21-7F98-4543-89C1-0A5152635FBB}.AppStore|x64.ActiveCfg = Debug|Any CPU
		{40CC1D21-7F98-4543-89C1-0A5152635FBB}.AppStore|x64.Build.0 = Debug|Any CPU
		{40CC1D21-7F98-4543-89C1-0A5152635FBB}.AppStore|x86.ActiveCfg = Debug|Any CPU
		{40CC1D21-7F98-4543-89C1-0A5152635FBB}.AppStore|x86.Build.0 = Debug|Any CPU
		{40CC1D21-7F98-4543-89C1-0A5152635FBB}.Debug|Any CPU.ActiveCfg = Debug|Any CPU
		{40CC1D21-7F98-4543-89C1-0A5152635FBB}.Debug|Any CPU.Build.0 = Debug|Any CPU
		{40CC1D21-7F98-4543-89C1-0A5152635FBB}.Debug|ARM.ActiveCfg = Debug|Any CPU
		{40CC1D21-7F98-4543-89C1-0A5152635FBB}.Debug|ARM.Build.0 = Debug|Any CPU
		{40CC1D21-7F98-4543-89C1-0A5152635FBB}.Debug|iPhone.ActiveCfg = Debug|Any CPU
		{40CC1D21-7F98-4543-89C1-0A5152635FBB}.Debug|iPhone.Build.0 = Debug|Any CPU
		{40CC1D21-7F98-4543-89C1-0A5152635FBB}.Debug|iPhoneSimulator.ActiveCfg = Debug|Any CPU
		{40CC1D21-7F98-4543-89C1-0A5152635FBB}.Debug|iPhoneSimulator.Build.0 = Debug|Any CPU
		{40CC1D21-7F98-4543-89C1-0A5152635FBB}.Debug|x64.ActiveCfg = Debug|Any CPU
		{40CC1D21-7F98-4543-89C1-0A5152635FBB}.Debug|x64.Build.0 = Debug|Any CPU
		{40CC1D21-7F98-4543-89C1-0A5152635FBB}.Debug|x86.ActiveCfg = Debug|Any CPU
		{40CC1D21-7F98-4543-89C1-0A5152635FBB}.Debug|x86.Build.0 = Debug|Any CPU
		{40CC1D21-7F98-4543-89C1-0A5152635FBB}.Release|Any CPU.ActiveCfg = Release|Any CPU
		{40CC1D21-7F98-4543-89C1-0A5152635FBB}.Release|Any CPU.Build.0 = Release|Any CPU
		{40CC1D21-7F98-4543-89C1-0A5152635FBB}.Release|ARM.ActiveCfg = Release|Any CPU
		{40CC1D21-7F98-4543-89C1-0A5152635FBB}.Release|ARM.Build.0 = Release|Any CPU
		{40CC1D21-7F98-4543-89C1-0A5152635FBB}.Release|iPhone.ActiveCfg = Release|Any CPU
		{40CC1D21-7F98-4543-89C1-0A5152635FBB}.Release|iPhone.Build.0 = Release|Any CPU
		{40CC1D21-7F98-4543-89C1-0A5152635FBB}.Release|iPhoneSimulator.ActiveCfg = Release|Any CPU
		{40CC1D21-7F98-4543-89C1-0A5152635FBB}.Release|iPhoneSimulator.Build.0 = Release|Any CPU
		{40CC1D21-7F98-4543-89C1-0A5152635FBB}.Release|x64.ActiveCfg = Release|Any CPU
		{40CC1D21-7F98-4543-89C1-0A5152635FBB}.Release|x64.Build.0 = Release|Any CPU
		{40CC1D21-7F98-4543-89C1-0A5152635FBB}.Release|x86.ActiveCfg = Release|Any CPU
		{40CC1D21-7F98-4543-89C1-0A5152635FBB}.Release|x86.Build.0 = Release|Any CPU
		{6BDE20CA-DA62-42BB-9CE5-F8B0E3252D71}.Ad-Hoc|Any CPU.ActiveCfg = Release|x64
		{6BDE20CA-DA62-42BB-9CE5-F8B0E3252D71}.Ad-Hoc|Any CPU.Build.0 = Release|x64
		{6BDE20CA-DA62-42BB-9CE5-F8B0E3252D71}.Ad-Hoc|Any CPU.Deploy.0 = Release|x64
		{6BDE20CA-DA62-42BB-9CE5-F8B0E3252D71}.Ad-Hoc|ARM.ActiveCfg = Release|ARM
		{6BDE20CA-DA62-42BB-9CE5-F8B0E3252D71}.Ad-Hoc|ARM.Build.0 = Release|ARM
		{6BDE20CA-DA62-42BB-9CE5-F8B0E3252D71}.Ad-Hoc|ARM.Deploy.0 = Release|ARM
		{6BDE20CA-DA62-42BB-9CE5-F8B0E3252D71}.Ad-Hoc|iPhone.ActiveCfg = Release|x64
		{6BDE20CA-DA62-42BB-9CE5-F8B0E3252D71}.Ad-Hoc|iPhone.Build.0 = Release|x64
		{6BDE20CA-DA62-42BB-9CE5-F8B0E3252D71}.Ad-Hoc|iPhone.Deploy.0 = Release|x64
		{6BDE20CA-DA62-42BB-9CE5-F8B0E3252D71}.Ad-Hoc|iPhoneSimulator.ActiveCfg = Release|x64
		{6BDE20CA-DA62-42BB-9CE5-F8B0E3252D71}.Ad-Hoc|iPhoneSimulator.Build.0 = Release|x64
		{6BDE20CA-DA62-42BB-9CE5-F8B0E3252D71}.Ad-Hoc|iPhoneSimulator.Deploy.0 = Release|x64
		{6BDE20CA-DA62-42BB-9CE5-F8B0E3252D71}.Ad-Hoc|x64.ActiveCfg = Release|x64
		{6BDE20CA-DA62-42BB-9CE5-F8B0E3252D71}.Ad-Hoc|x64.Build.0 = Release|x64
		{6BDE20CA-DA62-42BB-9CE5-F8B0E3252D71}.Ad-Hoc|x64.Deploy.0 = Release|x64
		{6BDE20CA-DA62-42BB-9CE5-F8B0E3252D71}.Ad-Hoc|x86.ActiveCfg = Release|x86
		{6BDE20CA-DA62-42BB-9CE5-F8B0E3252D71}.Ad-Hoc|x86.Build.0 = Release|x86
		{6BDE20CA-DA62-42BB-9CE5-F8B0E3252D71}.Ad-Hoc|x86.Deploy.0 = Release|x86
		{6BDE20CA-DA62-42BB-9CE5-F8B0E3252D71}.AppStore|Any CPU.ActiveCfg = Release|x64
		{6BDE20CA-DA62-42BB-9CE5-F8B0E3252D71}.AppStore|Any CPU.Build.0 = Release|x64
		{6BDE20CA-DA62-42BB-9CE5-F8B0E3252D71}.AppStore|Any CPU.Deploy.0 = Release|x64
		{6BDE20CA-DA62-42BB-9CE5-F8B0E3252D71}.AppStore|ARM.ActiveCfg = Release|ARM
		{6BDE20CA-DA62-42BB-9CE5-F8B0E3252D71}.AppStore|ARM.Build.0 = Release|ARM
		{6BDE20CA-DA62-42BB-9CE5-F8B0E3252D71}.AppStore|ARM.Deploy.0 = Release|ARM
		{6BDE20CA-DA62-42BB-9CE5-F8B0E3252D71}.AppStore|iPhone.ActiveCfg = Release|x64
		{6BDE20CA-DA62-42BB-9CE5-F8B0E3252D71}.AppStore|iPhone.Build.0 = Release|x64
		{6BDE20CA-DA62-42BB-9CE5-F8B0E3252D71}.AppStore|iPhone.Deploy.0 = Release|x64
		{6BDE20CA-DA62-42BB-9CE5-F8B0E3252D71}.AppStore|iPhoneSimulator.ActiveCfg = Release|x64
		{6BDE20CA-DA62-42BB-9CE5-F8B0E3252D71}.AppStore|iPhoneSimulator.Build.0 = Release|x64
		{6BDE20CA-DA62-42BB-9CE5-F8B0E3252D71}.AppStore|iPhoneSimulator.Deploy.0 = Release|x64
		{6BDE20CA-DA62-42BB-9CE5-F8B0E3252D71}.AppStore|x64.ActiveCfg = Release|x64
		{6BDE20CA-DA62-42BB-9CE5-F8B0E3252D71}.AppStore|x64.Build.0 = Release|x64
		{6BDE20CA-DA62-42BB-9CE5-F8B0E3252D71}.AppStore|x64.Deploy.0 = Release|x64
		{6BDE20CA-DA62-42BB-9CE5-F8B0E3252D71}.AppStore|x86.ActiveCfg = Release|x86
		{6BDE20CA-DA62-42BB-9CE5-F8B0E3252D71}.AppStore|x86.Build.0 = Release|x86
		{6BDE20CA-DA62-42BB-9CE5-F8B0E3252D71}.AppStore|x86.Deploy.0 = Release|x86
		{6BDE20CA-DA62-42BB-9CE5-F8B0E3252D71}.Debug|Any CPU.ActiveCfg = Debug|x86
		{6BDE20CA-DA62-42BB-9CE5-F8B0E3252D71}.Debug|ARM.ActiveCfg = Debug|ARM
		{6BDE20CA-DA62-42BB-9CE5-F8B0E3252D71}.Debug|ARM.Build.0 = Debug|ARM
		{6BDE20CA-DA62-42BB-9CE5-F8B0E3252D71}.Debug|ARM.Deploy.0 = Debug|ARM
		{6BDE20CA-DA62-42BB-9CE5-F8B0E3252D71}.Debug|iPhone.ActiveCfg = Debug|x86
		{6BDE20CA-DA62-42BB-9CE5-F8B0E3252D71}.Debug|iPhoneSimulator.ActiveCfg = Debug|x86
		{6BDE20CA-DA62-42BB-9CE5-F8B0E3252D71}.Debug|x64.ActiveCfg = Debug|x64
		{6BDE20CA-DA62-42BB-9CE5-F8B0E3252D71}.Debug|x64.Build.0 = Debug|x64
		{6BDE20CA-DA62-42BB-9CE5-F8B0E3252D71}.Debug|x64.Deploy.0 = Debug|x64
		{6BDE20CA-DA62-42BB-9CE5-F8B0E3252D71}.Debug|x86.ActiveCfg = Debug|x86
		{6BDE20CA-DA62-42BB-9CE5-F8B0E3252D71}.Debug|x86.Build.0 = Debug|x86
		{6BDE20CA-DA62-42BB-9CE5-F8B0E3252D71}.Debug|x86.Deploy.0 = Debug|x86
		{6BDE20CA-DA62-42BB-9CE5-F8B0E3252D71}.Release|Any CPU.ActiveCfg = Release|x86
		{6BDE20CA-DA62-42BB-9CE5-F8B0E3252D71}.Release|ARM.ActiveCfg = Release|ARM
		{6BDE20CA-DA62-42BB-9CE5-F8B0E3252D71}.Release|ARM.Build.0 = Release|ARM
		{6BDE20CA-DA62-42BB-9CE5-F8B0E3252D71}.Release|ARM.Deploy.0 = Release|ARM
		{6BDE20CA-DA62-42BB-9CE5-F8B0E3252D71}.Release|iPhone.ActiveCfg = Release|x86
		{6BDE20CA-DA62-42BB-9CE5-F8B0E3252D71}.Release|iPhoneSimulator.ActiveCfg = Release|x86
		{6BDE20CA-DA62-42BB-9CE5-F8B0E3252D71}.Release|x64.ActiveCfg = Release|x64
		{6BDE20CA-DA62-42BB-9CE5-F8B0E3252D71}.Release|x64.Build.0 = Release|x64
		{6BDE20CA-DA62-42BB-9CE5-F8B0E3252D71}.Release|x64.Deploy.0 = Release|x64
		{6BDE20CA-DA62-42BB-9CE5-F8B0E3252D71}.Release|x86.ActiveCfg = Release|x86
		{6BDE20CA-DA62-42BB-9CE5-F8B0E3252D71}.Release|x86.Build.0 = Release|x86
		{6BDE20CA-DA62-42BB-9CE5-F8B0E3252D71}.Release|x86.Deploy.0 = Release|x86
		{FA98CB20-5844-4019-8CD4-1A5D74698215}.Ad-Hoc|Any CPU.ActiveCfg = Release|Any CPU
		{FA98CB20-5844-4019-8CD4-1A5D74698215}.Ad-Hoc|Any CPU.Build.0 = Release|Any CPU
		{FA98CB20-5844-4019-8CD4-1A5D74698215}.Ad-Hoc|Any CPU.Deploy.0 = Release|Any CPU
		{FA98CB20-5844-4019-8CD4-1A5D74698215}.Ad-Hoc|ARM.ActiveCfg = Release|Any CPU
		{FA98CB20-5844-4019-8CD4-1A5D74698215}.Ad-Hoc|ARM.Build.0 = Release|Any CPU
		{FA98CB20-5844-4019-8CD4-1A5D74698215}.Ad-Hoc|ARM.Deploy.0 = Release|Any CPU
		{FA98CB20-5844-4019-8CD4-1A5D74698215}.Ad-Hoc|iPhone.ActiveCfg = Release|Any CPU
		{FA98CB20-5844-4019-8CD4-1A5D74698215}.Ad-Hoc|iPhone.Build.0 = Release|Any CPU
		{FA98CB20-5844-4019-8CD4-1A5D74698215}.Ad-Hoc|iPhone.Deploy.0 = Release|Any CPU
		{FA98CB20-5844-4019-8CD4-1A5D74698215}.Ad-Hoc|iPhoneSimulator.ActiveCfg = Release|Any CPU
		{FA98CB20-5844-4019-8CD4-1A5D74698215}.Ad-Hoc|iPhoneSimulator.Build.0 = Release|Any CPU
		{FA98CB20-5844-4019-8CD4-1A5D74698215}.Ad-Hoc|iPhoneSimulator.Deploy.0 = Release|Any CPU
		{FA98CB20-5844-4019-8CD4-1A5D74698215}.Ad-Hoc|x64.ActiveCfg = Release|Any CPU
		{FA98CB20-5844-4019-8CD4-1A5D74698215}.Ad-Hoc|x64.Build.0 = Release|Any CPU
		{FA98CB20-5844-4019-8CD4-1A5D74698215}.Ad-Hoc|x64.Deploy.0 = Release|Any CPU
		{FA98CB20-5844-4019-8CD4-1A5D74698215}.Ad-Hoc|x86.ActiveCfg = Release|Any CPU
		{FA98CB20-5844-4019-8CD4-1A5D74698215}.Ad-Hoc|x86.Build.0 = Release|Any CPU
		{FA98CB20-5844-4019-8CD4-1A5D74698215}.Ad-Hoc|x86.Deploy.0 = Release|Any CPU
		{FA98CB20-5844-4019-8CD4-1A5D74698215}.AppStore|Any CPU.ActiveCfg = Release|Any CPU
		{FA98CB20-5844-4019-8CD4-1A5D74698215}.AppStore|Any CPU.Build.0 = Release|Any CPU
		{FA98CB20-5844-4019-8CD4-1A5D74698215}.AppStore|Any CPU.Deploy.0 = Release|Any CPU
		{FA98CB20-5844-4019-8CD4-1A5D74698215}.AppStore|ARM.ActiveCfg = Release|Any CPU
		{FA98CB20-5844-4019-8CD4-1A5D74698215}.AppStore|ARM.Build.0 = Release|Any CPU
		{FA98CB20-5844-4019-8CD4-1A5D74698215}.AppStore|ARM.Deploy.0 = Release|Any CPU
		{FA98CB20-5844-4019-8CD4-1A5D74698215}.AppStore|iPhone.ActiveCfg = Release|Any CPU
		{FA98CB20-5844-4019-8CD4-1A5D74698215}.AppStore|iPhone.Build.0 = Release|Any CPU
		{FA98CB20-5844-4019-8CD4-1A5D74698215}.AppStore|iPhone.Deploy.0 = Release|Any CPU
		{FA98CB20-5844-4019-8CD4-1A5D74698215}.AppStore|iPhoneSimulator.ActiveCfg = Release|Any CPU
		{FA98CB20-5844-4019-8CD4-1A5D74698215}.AppStore|iPhoneSimulator.Build.0 = Release|Any CPU
		{FA98CB20-5844-4019-8CD4-1A5D74698215}.AppStore|iPhoneSimulator.Deploy.0 = Release|Any CPU
		{FA98CB20-5844-4019-8CD4-1A5D74698215}.AppStore|x64.ActiveCfg = Release|Any CPU
		{FA98CB20-5844-4019-8CD4-1A5D74698215}.AppStore|x64.Build.0 = Release|Any CPU
		{FA98CB20-5844-4019-8CD4-1A5D74698215}.AppStore|x64.Deploy.0 = Release|Any CPU
		{FA98CB20-5844-4019-8CD4-1A5D74698215}.AppStore|x86.ActiveCfg = Release|Any CPU
		{FA98CB20-5844-4019-8CD4-1A5D74698215}.AppStore|x86.Build.0 = Release|Any CPU
		{FA98CB20-5844-4019-8CD4-1A5D74698215}.AppStore|x86.Deploy.0 = Release|Any CPU
		{FA98CB20-5844-4019-8CD4-1A5D74698215}.Debug|Any CPU.ActiveCfg = Debug|Any CPU
		{FA98CB20-5844-4019-8CD4-1A5D74698215}.Debug|Any CPU.Build.0 = Debug|Any CPU
		{FA98CB20-5844-4019-8CD4-1A5D74698215}.Debug|Any CPU.Deploy.0 = Debug|Any CPU
		{FA98CB20-5844-4019-8CD4-1A5D74698215}.Debug|ARM.ActiveCfg = Debug|Any CPU
		{FA98CB20-5844-4019-8CD4-1A5D74698215}.Debug|ARM.Build.0 = Debug|Any CPU
		{FA98CB20-5844-4019-8CD4-1A5D74698215}.Debug|ARM.Deploy.0 = Debug|Any CPU
		{FA98CB20-5844-4019-8CD4-1A5D74698215}.Debug|iPhone.ActiveCfg = Debug|Any CPU
		{FA98CB20-5844-4019-8CD4-1A5D74698215}.Debug|iPhone.Build.0 = Debug|Any CPU
		{FA98CB20-5844-4019-8CD4-1A5D74698215}.Debug|iPhone.Deploy.0 = Debug|Any CPU
		{FA98CB20-5844-4019-8CD4-1A5D74698215}.Debug|iPhoneSimulator.ActiveCfg = Debug|Any CPU
		{FA98CB20-5844-4019-8CD4-1A5D74698215}.Debug|iPhoneSimulator.Build.0 = Debug|Any CPU
		{FA98CB20-5844-4019-8CD4-1A5D74698215}.Debug|iPhoneSimulator.Deploy.0 = Debug|Any CPU
		{FA98CB20-5844-4019-8CD4-1A5D74698215}.Debug|x64.ActiveCfg = Debug|Any CPU
		{FA98CB20-5844-4019-8CD4-1A5D74698215}.Debug|x64.Build.0 = Debug|Any CPU
		{FA98CB20-5844-4019-8CD4-1A5D74698215}.Debug|x64.Deploy.0 = Debug|Any CPU
		{FA98CB20-5844-4019-8CD4-1A5D74698215}.Debug|x86.ActiveCfg = Debug|Any CPU
		{FA98CB20-5844-4019-8CD4-1A5D74698215}.Debug|x86.Build.0 = Debug|Any CPU
		{FA98CB20-5844-4019-8CD4-1A5D74698215}.Debug|x86.Deploy.0 = Debug|Any CPU
		{FA98CB20-5844-4019-8CD4-1A5D74698215}.Release|Any CPU.ActiveCfg = Release|Any CPU
		{FA98CB20-5844-4019-8CD4-1A5D74698215}.Release|Any CPU.Build.0 = Release|Any CPU
		{FA98CB20-5844-4019-8CD4-1A5D74698215}.Release|Any CPU.Deploy.0 = Release|Any CPU
		{FA98CB20-5844-4019-8CD4-1A5D74698215}.Release|ARM.ActiveCfg = Release|Any CPU
		{FA98CB20-5844-4019-8CD4-1A5D74698215}.Release|ARM.Build.0 = Release|Any CPU
		{FA98CB20-5844-4019-8CD4-1A5D74698215}.Release|ARM.Deploy.0 = Release|Any CPU
		{FA98CB20-5844-4019-8CD4-1A5D74698215}.Release|iPhone.ActiveCfg = Release|Any CPU
		{FA98CB20-5844-4019-8CD4-1A5D74698215}.Release|iPhone.Build.0 = Release|Any CPU
		{FA98CB20-5844-4019-8CD4-1A5D74698215}.Release|iPhone.Deploy.0 = Release|Any CPU
		{FA98CB20-5844-4019-8CD4-1A5D74698215}.Release|iPhoneSimulator.ActiveCfg = Release|Any CPU
		{FA98CB20-5844-4019-8CD4-1A5D74698215}.Release|iPhoneSimulator.Build.0 = Release|Any CPU
		{FA98CB20-5844-4019-8CD4-1A5D74698215}.Release|iPhoneSimulator.Deploy.0 = Release|Any CPU
		{FA98CB20-5844-4019-8CD4-1A5D74698215}.Release|x64.ActiveCfg = Release|Any CPU
		{FA98CB20-5844-4019-8CD4-1A5D74698215}.Release|x64.Build.0 = Release|Any CPU
		{FA98CB20-5844-4019-8CD4-1A5D74698215}.Release|x64.Deploy.0 = Release|Any CPU
		{FA98CB20-5844-4019-8CD4-1A5D74698215}.Release|x86.ActiveCfg = Release|Any CPU
		{FA98CB20-5844-4019-8CD4-1A5D74698215}.Release|x86.Build.0 = Release|Any CPU
		{FA98CB20-5844-4019-8CD4-1A5D74698215}.Release|x86.Deploy.0 = Release|Any CPU
		{EC5EE73E-3503-4A05-99AD-E2E787E2C8A4}.Ad-Hoc|Any CPU.ActiveCfg = Ad-Hoc|iPhone
		{EC5EE73E-3503-4A05-99AD-E2E787E2C8A4}.Ad-Hoc|ARM.ActiveCfg = Ad-Hoc|iPhone
		{EC5EE73E-3503-4A05-99AD-E2E787E2C8A4}.Ad-Hoc|iPhone.ActiveCfg = Ad-Hoc|iPhone
		{EC5EE73E-3503-4A05-99AD-E2E787E2C8A4}.Ad-Hoc|iPhone.Build.0 = Ad-Hoc|iPhone
		{EC5EE73E-3503-4A05-99AD-E2E787E2C8A4}.Ad-Hoc|iPhoneSimulator.ActiveCfg = Ad-Hoc|iPhoneSimulator
		{EC5EE73E-3503-4A05-99AD-E2E787E2C8A4}.Ad-Hoc|iPhoneSimulator.Build.0 = Ad-Hoc|iPhoneSimulator
		{EC5EE73E-3503-4A05-99AD-E2E787E2C8A4}.Ad-Hoc|x64.ActiveCfg = Ad-Hoc|iPhone
		{EC5EE73E-3503-4A05-99AD-E2E787E2C8A4}.Ad-Hoc|x86.ActiveCfg = Ad-Hoc|iPhone
		{EC5EE73E-3503-4A05-99AD-E2E787E2C8A4}.AppStore|Any CPU.ActiveCfg = AppStore|iPhone
		{EC5EE73E-3503-4A05-99AD-E2E787E2C8A4}.AppStore|ARM.ActiveCfg = AppStore|iPhone
		{EC5EE73E-3503-4A05-99AD-E2E787E2C8A4}.AppStore|iPhone.ActiveCfg = AppStore|iPhone
		{EC5EE73E-3503-4A05-99AD-E2E787E2C8A4}.AppStore|iPhone.Build.0 = AppStore|iPhone
		{EC5EE73E-3503-4A05-99AD-E2E787E2C8A4}.AppStore|iPhoneSimulator.ActiveCfg = AppStore|iPhoneSimulator
		{EC5EE73E-3503-4A05-99AD-E2E787E2C8A4}.AppStore|iPhoneSimulator.Build.0 = AppStore|iPhoneSimulator
		{EC5EE73E-3503-4A05-99AD-E2E787E2C8A4}.AppStore|x64.ActiveCfg = AppStore|iPhone
		{EC5EE73E-3503-4A05-99AD-E2E787E2C8A4}.AppStore|x86.ActiveCfg = AppStore|iPhone
		{EC5EE73E-3503-4A05-99AD-E2E787E2C8A4}.Debug|Any CPU.ActiveCfg = Debug|iPhone
		{EC5EE73E-3503-4A05-99AD-E2E787E2C8A4}.Debug|ARM.ActiveCfg = Debug|iPhone
		{EC5EE73E-3503-4A05-99AD-E2E787E2C8A4}.Debug|iPhone.ActiveCfg = Debug|iPhone
		{EC5EE73E-3503-4A05-99AD-E2E787E2C8A4}.Debug|iPhone.Build.0 = Debug|iPhone
		{EC5EE73E-3503-4A05-99AD-E2E787E2C8A4}.Debug|iPhoneSimulator.ActiveCfg = Debug|iPhoneSimulator
		{EC5EE73E-3503-4A05-99AD-E2E787E2C8A4}.Debug|iPhoneSimulator.Build.0 = Debug|iPhoneSimulator
		{EC5EE73E-3503-4A05-99AD-E2E787E2C8A4}.Debug|x64.ActiveCfg = Debug|iPhone
		{EC5EE73E-3503-4A05-99AD-E2E787E2C8A4}.Debug|x86.ActiveCfg = Debug|iPhone
		{EC5EE73E-3503-4A05-99AD-E2E787E2C8A4}.Release|Any CPU.ActiveCfg = Release|iPhone
		{EC5EE73E-3503-4A05-99AD-E2E787E2C8A4}.Release|ARM.ActiveCfg = Release|iPhone
		{EC5EE73E-3503-4A05-99AD-E2E787E2C8A4}.Release|iPhone.ActiveCfg = Release|iPhone
		{EC5EE73E-3503-4A05-99AD-E2E787E2C8A4}.Release|iPhone.Build.0 = Release|iPhone
		{EC5EE73E-3503-4A05-99AD-E2E787E2C8A4}.Release|iPhoneSimulator.ActiveCfg = Release|iPhoneSimulator
		{EC5EE73E-3503-4A05-99AD-E2E787E2C8A4}.Release|iPhoneSimulator.Build.0 = Release|iPhoneSimulator
		{EC5EE73E-3503-4A05-99AD-E2E787E2C8A4}.Release|x64.ActiveCfg = Release|iPhone
		{EC5EE73E-3503-4A05-99AD-E2E787E2C8A4}.Release|x86.ActiveCfg = Release|iPhone
	EndGlobalSection
	GlobalSection(SolutionProperties) = preSolution
		HideSolutionNode = FALSE
	EndGlobalSection
	GlobalSection(NestedProjects) = preSolution
		{E340CBB2-3B77-45A8-8997-E4098D82EDBC} = {701A2C96-FF1E-4CC9-9C50-A222739B1CAF}
		{266DE5DB-72CA-4655-ACFE-D3045D23D1D0} = {0BBF8AE8-5D51-4835-A072-64B5C7562DB3}
		{40CC1D21-7F98-4543-89C1-0A5152635FBB} = {AC255321-AC01-4475-9CA6-4338635B5D19}
		{6BDE20CA-DA62-42BB-9CE5-F8B0E3252D71} = {AC255321-AC01-4475-9CA6-4338635B5D19}
		{FA98CB20-5844-4019-8CD4-1A5D74698215} = {AC255321-AC01-4475-9CA6-4338635B5D19}
		{EC5EE73E-3503-4A05-99AD-E2E787E2C8A4} = {AC255321-AC01-4475-9CA6-4338635B5D19}
	EndGlobalSection
EndGlobal
